
Microsoft Visual Studio Solution File, Format Version 12.00
# Visual Studio Version 17
VisualStudioVersion = 17.5.33502.453
MinimumVisualStudioVersion = 10.0.40219.1
Project("{FAE04EC0-301F-11D3-BF4B-00C04F79EFBC}") = "Trust_DB_10", "Trust_DB_10\Trust_DB_10.csproj", "{8F6D5CDF-8C42-41AC-B4ED-AF7C981B81B3}"
EndProject
Global
	GlobalSection(SolutionConfigurationPlatforms) = preSolution
		Debug|Any CPU = Debug|Any CPU
		Release|Any CPU = Release|Any CPU
	EndGlobalSection
	GlobalSection(ProjectConfigurationPlatforms) = postSolution
		{8F6D5CDF-8C42-41AC-B4ED-AF7C981B81B3}.Debug|Any CPU.ActiveCfg = Debug|Any CPU
		{8F6D5CDF-8C42-41AC-B4ED-AF7C981B81B3}.Debug|Any CPU.Build.0 = Debug|Any CPU
		{8F6D5CDF-8C42-41AC-B4ED-AF7C981B81B3}.Release|Any CPU.ActiveCfg = Release|Any CPU
		{8F6D5CDF-8C42-41AC-B4ED-AF7C981B81B3}.Release|Any CPU.Build.0 = Release|Any CPU
	EndGlobalSection
	GlobalSection(SolutionProperties) = preSolution
		HideSolutionNode = FALSE
	EndGlobalSection
	GlobalSection(ExtensibilityGlobals) = postSolution
		SolutionGuid = {619BA3D0-52CE-4534-8FB4-D82E7CF0B0EE}
	EndGlobalSection
EndGlobal
