
Microsoft Visual Studio Solution File, Format Version 12.00
# Visual Studio Version 17
VisualStudioVersion = 17.5.33502.453
MinimumVisualStudioVersion = 10.0.40219.1
Project("{FAE04EC0-301F-11D3-BF4B-00C04F79EFBC}") = "templeate integrate", "templeate integrate\templeate integrate.csproj", "{678E49D1-0F3F-492A-B487-04934F771017}"
EndProject
Global
	GlobalSection(SolutionConfigurationPlatforms) = preSolution
		Debug|Any CPU = Debug|Any CPU
		Release|Any CPU = Release|Any CPU
	EndGlobalSection
	GlobalSection(ProjectConfigurationPlatforms) = postSolution
		{678E49D1-0F3F-492A-B487-04934F771017}.Debug|Any CPU.ActiveCfg = Debug|Any CPU
		{678E49D1-0F3F-492A-B487-04934F771017}.Debug|Any CPU.Build.0 = Debug|Any CPU
		{678E49D1-0F3F-492A-B487-04934F771017}.Release|Any CPU.ActiveCfg = Release|Any CPU
		{678E49D1-0F3F-492A-B487-04934F771017}.Release|Any CPU.Build.0 = Release|Any CPU
	EndGlobalSection
	GlobalSection(SolutionProperties) = preSolution
		HideSolutionNode = FALSE
	EndGlobalSection
	GlobalSection(ExtensibilityGlobals) = postSolution
		SolutionGuid = {9F9C085E-3C12-4C6F-814E-62DE37B64848}
	EndGlobalSection
EndGlobal
