
Microsoft Visual Studio Solution File, Format Version 12.00
# Visual Studio Version 17
VisualStudioVersion = 17.5.33502.453
MinimumVisualStudioVersion = 10.0.40219.1
Project("{FAE04EC0-301F-11D3-BF4B-00C04F79EFBC}") = "prg2", "prg2\prg2.csproj", "{D070AC32-08B8-4066-987F-F3B7798D5B0F}"
EndProject
Global
	GlobalSection(SolutionConfigurationPlatforms) = preSolution
		Debug|Any CPU = Debug|Any CPU
		Release|Any CPU = Release|Any CPU
	EndGlobalSection
	GlobalSection(ProjectConfigurationPlatforms) = postSolution
		{D070AC32-08B8-4066-987F-F3B7798D5B0F}.Debug|Any CPU.ActiveCfg = Debug|Any CPU
		{D070AC32-08B8-4066-987F-F3B7798D5B0F}.Debug|Any CPU.Build.0 = Debug|Any CPU
		{D070AC32-08B8-4066-987F-F3B7798D5B0F}.Release|Any CPU.ActiveCfg = Release|Any CPU
		{D070AC32-08B8-4066-987F-F3B7798D5B0F}.Release|Any CPU.Build.0 = Release|Any CPU
	EndGlobalSection
	GlobalSection(SolutionProperties) = preSolution
		HideSolutionNode = FALSE
	EndGlobalSection
	GlobalSection(ExtensibilityGlobals) = postSolution
		SolutionGuid = {51DA2537-89CD-48BE-8628-C53DE75B1962}
	EndGlobalSection
EndGlobal
