
Microsoft Visual Studio Solution File, Format Version 12.00
# Visual Studio Version 17
VisualStudioVersion = 17.5.33502.453
MinimumVisualStudioVersion = 10.0.40219.1
Project("{FAE04EC0-301F-11D3-BF4B-00C04F79EFBC}") = "stringex", "stringex\stringex.csproj", "{1E1B41D7-4357-4723-964D-7294CBDA77DC}"
EndProject
Global
	GlobalSection(SolutionConfigurationPlatforms) = preSolution
		Debug|Any CPU = Debug|Any CPU
		Release|Any CPU = Release|Any CPU
	EndGlobalSection
	GlobalSection(ProjectConfigurationPlatforms) = postSolution
		{1E1B41D7-4357-4723-964D-7294CBDA77DC}.Debug|Any CPU.ActiveCfg = Debug|Any CPU
		{1E1B41D7-4357-4723-964D-7294CBDA77DC}.Debug|Any CPU.Build.0 = Debug|Any CPU
		{1E1B41D7-4357-4723-964D-7294CBDA77DC}.Release|Any CPU.ActiveCfg = Release|Any CPU
		{1E1B41D7-4357-4723-964D-7294CBDA77DC}.Release|Any CPU.Build.0 = Release|Any CPU
	EndGlobalSection
	GlobalSection(SolutionProperties) = preSolution
		HideSolutionNode = FALSE
	EndGlobalSection
	GlobalSection(ExtensibilityGlobals) = postSolution
		SolutionGuid = {7F8F627B-302A-42F1-B965-8A66557D24D0}
	EndGlobalSection
EndGlobal
