
Microsoft Visual Studio Solution File, Format Version 12.00
# Visual Studio Version 17
VisualStudioVersion = 17.5.33502.453
MinimumVisualStudioVersion = 10.0.40219.1
Project("{FAE04EC0-301F-11D3-BF4B-00C04F79EFBC}") = "local and class variable", "local and class variable\local and class variable.csproj", "{77EF7460-A7CC-4FFE-86D5-25D8EAEC74F4}"
EndProject
Global
	GlobalSection(SolutionConfigurationPlatforms) = preSolution
		Debug|Any CPU = Debug|Any CPU
		Release|Any CPU = Release|Any CPU
	EndGlobalSection
	GlobalSection(ProjectConfigurationPlatforms) = postSolution
		{77EF7460-A7CC-4FFE-86D5-25D8EAEC74F4}.Debug|Any CPU.ActiveCfg = Debug|Any CPU
		{77EF7460-A7CC-4FFE-86D5-25D8EAEC74F4}.Debug|Any CPU.Build.0 = Debug|Any CPU
		{77EF7460-A7CC-4FFE-86D5-25D8EAEC74F4}.Release|Any CPU.ActiveCfg = Release|Any CPU
		{77EF7460-A7CC-4FFE-86D5-25D8EAEC74F4}.Release|Any CPU.Build.0 = Release|Any CPU
	EndGlobalSection
	GlobalSection(SolutionProperties) = preSolution
		HideSolutionNode = FALSE
	EndGlobalSection
	GlobalSection(ExtensibilityGlobals) = postSolution
		SolutionGuid = {6F3F0D79-63BE-4E54-9B23-F2AFE825A9A9}
	EndGlobalSection
EndGlobal
