
Microsoft Visual Studio Solution File, Format Version 12.00
# Visual Studio Version 17
VisualStudioVersion = 17.5.33502.453
MinimumVisualStudioVersion = 10.0.40219.1
Project("{FAE04EC0-301F-11D3-BF4B-00C04F79EFBC}") = "Productmvc", "Productmvc\Productmvc.csproj", "{A926D71C-DD4D-49DD-BB7E-10ED41F7547D}"
EndProject
Global
	GlobalSection(SolutionConfigurationPlatforms) = preSolution
		Debug|Any CPU = Debug|Any CPU
		Release|Any CPU = Release|Any CPU
	EndGlobalSection
	GlobalSection(ProjectConfigurationPlatforms) = postSolution
		{A926D71C-DD4D-49DD-BB7E-10ED41F7547D}.Debug|Any CPU.ActiveCfg = Debug|Any CPU
		{A926D71C-DD4D-49DD-BB7E-10ED41F7547D}.Debug|Any CPU.Build.0 = Debug|Any CPU
		{A926D71C-DD4D-49DD-BB7E-10ED41F7547D}.Release|Any CPU.ActiveCfg = Release|Any CPU
		{A926D71C-DD4D-49DD-BB7E-10ED41F7547D}.Release|Any CPU.Build.0 = Release|Any CPU
	EndGlobalSection
	GlobalSection(SolutionProperties) = preSolution
		HideSolutionNode = FALSE
	EndGlobalSection
	GlobalSection(ExtensibilityGlobals) = postSolution
		SolutionGuid = {C9542B55-1906-48A4-AAAC-6C672C91FFA9}
	EndGlobalSection
EndGlobal
