
Microsoft Visual Studio Solution File, Format Version 12.00
# Visual Studio Version 17
VisualStudioVersion = 17.5.33502.453
MinimumVisualStudioVersion = 10.0.40219.1
Project("{FAE04EC0-301F-11D3-BF4B-00C04F79EFBC}") = "clslry1", "clslry1\clslry1.csproj", "{DC7B4099-0703-4259-A155-B576467F1152}"
EndProject
Global
	GlobalSection(SolutionConfigurationPlatforms) = preSolution
		Debug|Any CPU = Debug|Any CPU
		Release|Any CPU = Release|Any CPU
	EndGlobalSection
	GlobalSection(ProjectConfigurationPlatforms) = postSolution
		{DC7B4099-0703-4259-A155-B576467F1152}.Debug|Any CPU.ActiveCfg = Debug|Any CPU
		{DC7B4099-0703-4259-A155-B576467F1152}.Debug|Any CPU.Build.0 = Debug|Any CPU
		{DC7B4099-0703-4259-A155-B576467F1152}.Release|Any CPU.ActiveCfg = Release|Any CPU
		{DC7B4099-0703-4259-A155-B576467F1152}.Release|Any CPU.Build.0 = Release|Any CPU
	EndGlobalSection
	GlobalSection(SolutionProperties) = preSolution
		HideSolutionNode = FALSE
	EndGlobalSection
	GlobalSection(ExtensibilityGlobals) = postSolution
		SolutionGuid = {9734092F-47F3-464B-A183-29D6AFC6A6DA}
	EndGlobalSection
EndGlobal
