
Microsoft Visual Studio Solution File, Format Version 12.00
# Visual Studio Version 17
VisualStudioVersion = 17.5.33502.453
MinimumVisualStudioVersion = 10.0.40219.1
Project("{FAE04EC0-301F-11D3-BF4B-00C04F79EFBC}") = "webapirestinmvc", "webapirestinmvc\webapirestinmvc.csproj", "{3969AF78-D0FE-41B7-B13B-98D979D21C31}"
EndProject
Global
	GlobalSection(SolutionConfigurationPlatforms) = preSolution
		Debug|Any CPU = Debug|Any CPU
		Release|Any CPU = Release|Any CPU
	EndGlobalSection
	GlobalSection(ProjectConfigurationPlatforms) = postSolution
		{3969AF78-D0FE-41B7-B13B-98D979D21C31}.Debug|Any CPU.ActiveCfg = Debug|Any CPU
		{3969AF78-D0FE-41B7-B13B-98D979D21C31}.Debug|Any CPU.Build.0 = Debug|Any CPU
		{3969AF78-D0FE-41B7-B13B-98D979D21C31}.Release|Any CPU.ActiveCfg = Release|Any CPU
		{3969AF78-D0FE-41B7-B13B-98D979D21C31}.Release|Any CPU.Build.0 = Release|Any CPU
	EndGlobalSection
	GlobalSection(SolutionProperties) = preSolution
		HideSolutionNode = FALSE
	EndGlobalSection
	GlobalSection(ExtensibilityGlobals) = postSolution
		SolutionGuid = {FAC3882A-5053-48B7-8B3D-BB0933F53E50}
	EndGlobalSection
EndGlobal
