
Microsoft Visual Studio Solution File, Format Version 12.00
# Visual Studio Version 17
VisualStudioVersion = 17.5.33502.453
MinimumVisualStudioVersion = 10.0.40219.1
Project("{FAE04EC0-301F-11D3-BF4B-00C04F79EFBC}") = "ConsoleApp27", "ConsoleApp27\ConsoleApp27.csproj", "{DBDCE3DD-239A-4447-B92D-B28406B8DF97}"
EndProject
Global
	GlobalSection(SolutionConfigurationPlatforms) = preSolution
		Debug|Any CPU = Debug|Any CPU
		Release|Any CPU = Release|Any CPU
	EndGlobalSection
	GlobalSection(ProjectConfigurationPlatforms) = postSolution
		{DBDCE3DD-239A-4447-B92D-B28406B8DF97}.Debug|Any CPU.ActiveCfg = Debug|Any CPU
		{DBDCE3DD-239A-4447-B92D-B28406B8DF97}.Debug|Any CPU.Build.0 = Debug|Any CPU
		{DBDCE3DD-239A-4447-B92D-B28406B8DF97}.Release|Any CPU.ActiveCfg = Release|Any CPU
		{DBDCE3DD-239A-4447-B92D-B28406B8DF97}.Release|Any CPU.Build.0 = Release|Any CPU
	EndGlobalSection
	GlobalSection(SolutionProperties) = preSolution
		HideSolutionNode = FALSE
	EndGlobalSection
	GlobalSection(ExtensibilityGlobals) = postSolution
		SolutionGuid = {E38C4204-6350-4116-A001-572C1E51BC19}
	EndGlobalSection
EndGlobal
