
Microsoft Visual Studio Solution File, Format Version 12.00
# Visual Studio Version 17
VisualStudioVersion = 17.5.33502.453
MinimumVisualStudioVersion = 10.0.40219.1
Project("{FAE04EC0-301F-11D3-BF4B-00C04F79EFBC}") = "sessionapplication", "sessionapplication\sessionapplication.csproj", "{73B5A46D-D28A-4B7F-BA8D-83E72270644A}"
EndProject
Global
	GlobalSection(SolutionConfigurationPlatforms) = preSolution
		Debug|Any CPU = Debug|Any CPU
		Release|Any CPU = Release|Any CPU
	EndGlobalSection
	GlobalSection(ProjectConfigurationPlatforms) = postSolution
		{73B5A46D-D28A-4B7F-BA8D-83E72270644A}.Debug|Any CPU.ActiveCfg = Debug|Any CPU
		{73B5A46D-D28A-4B7F-BA8D-83E72270644A}.Debug|Any CPU.Build.0 = Debug|Any CPU
		{73B5A46D-D28A-4B7F-BA8D-83E72270644A}.Release|Any CPU.ActiveCfg = Release|Any CPU
		{73B5A46D-D28A-4B7F-BA8D-83E72270644A}.Release|Any CPU.Build.0 = Release|Any CPU
	EndGlobalSection
	GlobalSection(SolutionProperties) = preSolution
		HideSolutionNode = FALSE
	EndGlobalSection
	GlobalSection(ExtensibilityGlobals) = postSolution
		SolutionGuid = {387DD9AF-6472-48E1-87F9-6773E444FFFC}
	EndGlobalSection
EndGlobal
