
Microsoft Visual Studio Solution File, Format Version 12.00
# Visual Studio Version 17
VisualStudioVersion = 17.5.33502.453
MinimumVisualStudioVersion = 10.0.40219.1
Project("{FAE04EC0-301F-11D3-BF4B-00C04F79EFBC}") = "advantages of inheritance", "advantages of inheritance\advantages of inheritance.csproj", "{F8FCB247-9D32-4093-BDBA-CB8A6B6D7305}"
EndProject
Global
	GlobalSection(SolutionConfigurationPlatforms) = preSolution
		Debug|Any CPU = Debug|Any CPU
		Release|Any CPU = Release|Any CPU
	EndGlobalSection
	GlobalSection(ProjectConfigurationPlatforms) = postSolution
		{F8FCB247-9D32-4093-BDBA-CB8A6B6D7305}.Debug|Any CPU.ActiveCfg = Debug|Any CPU
		{F8FCB247-9D32-4093-BDBA-CB8A6B6D7305}.Debug|Any CPU.Build.0 = Debug|Any CPU
		{F8FCB247-9D32-4093-BDBA-CB8A6B6D7305}.Release|Any CPU.ActiveCfg = Release|Any CPU
		{F8FCB247-9D32-4093-BDBA-CB8A6B6D7305}.Release|Any CPU.Build.0 = Release|Any CPU
	EndGlobalSection
	GlobalSection(SolutionProperties) = preSolution
		HideSolutionNode = FALSE
	EndGlobalSection
	GlobalSection(ExtensibilityGlobals) = postSolution
		SolutionGuid = {8DF79111-D609-4F1F-84CE-D0A7D26356E6}
	EndGlobalSection
EndGlobal
