
Microsoft Visual Studio Solution File, Format Version 12.00
# Visual Studio Version 17
VisualStudioVersion = 17.5.33502.453
MinimumVisualStudioVersion = 10.0.40219.1
Project("{FAE04EC0-301F-11D3-BF4B-00C04F79EFBC}") = "single inheritance  person prg", "single inheritance  person prg\single inheritance  person prg.csproj", "{D45EA811-B220-4BFE-9883-A1D5322357FA}"
EndProject
Global
	GlobalSection(SolutionConfigurationPlatforms) = preSolution
		Debug|Any CPU = Debug|Any CPU
		Release|Any CPU = Release|Any CPU
	EndGlobalSection
	GlobalSection(ProjectConfigurationPlatforms) = postSolution
		{D45EA811-B220-4BFE-9883-A1D5322357FA}.Debug|Any CPU.ActiveCfg = Debug|Any CPU
		{D45EA811-B220-4BFE-9883-A1D5322357FA}.Debug|Any CPU.Build.0 = Debug|Any CPU
		{D45EA811-B220-4BFE-9883-A1D5322357FA}.Release|Any CPU.ActiveCfg = Release|Any CPU
		{D45EA811-B220-4BFE-9883-A1D5322357FA}.Release|Any CPU.Build.0 = Release|Any CPU
	EndGlobalSection
	GlobalSection(SolutionProperties) = preSolution
		HideSolutionNode = FALSE
	EndGlobalSection
	GlobalSection(ExtensibilityGlobals) = postSolution
		SolutionGuid = {D015BD3E-4519-4855-A5E6-C2668A6C9ABE}
	EndGlobalSection
EndGlobal
