
Microsoft Visual Studio Solution File, Format Version 12.00
# Visual Studio Version 17
VisualStudioVersion = 17.5.33502.453
MinimumVisualStudioVersion = 10.0.40219.1
Project("{FAE04EC0-301F-11D3-BF4B-00C04F79EFBC}") = "WebApplication1", "WebApplication1\WebApplication1.csproj", "{41F5BDEA-14BE-4478-BDAB-ACD306C0B6BF}"
EndProject
Global
	GlobalSection(SolutionConfigurationPlatforms) = preSolution
		Debug|Any CPU = Debug|Any CPU
		Release|Any CPU = Release|Any CPU
	EndGlobalSection
	GlobalSection(ProjectConfigurationPlatforms) = postSolution
		{41F5BDEA-14BE-4478-BDAB-ACD306C0B6BF}.Debug|Any CPU.ActiveCfg = Debug|Any CPU
		{41F5BDEA-14BE-4478-BDAB-ACD306C0B6BF}.Debug|Any CPU.Build.0 = Debug|Any CPU
		{41F5BDEA-14BE-4478-BDAB-ACD306C0B6BF}.Release|Any CPU.ActiveCfg = Release|Any CPU
		{41F5BDEA-14BE-4478-BDAB-ACD306C0B6BF}.Release|Any CPU.Build.0 = Release|Any CPU
	EndGlobalSection
	GlobalSection(SolutionProperties) = preSolution
		HideSolutionNode = FALSE
	EndGlobalSection
	GlobalSection(ExtensibilityGlobals) = postSolution
		SolutionGuid = {31270622-1531-491B-B52F-627A486AD70C}
	EndGlobalSection
EndGlobal
