
Microsoft Visual Studio Solution File, Format Version 12.00
# Visual Studio Version 17
VisualStudioVersion = 17.5.33502.453
MinimumVisualStudioVersion = 10.0.40219.1
Project("{FAE04EC0-301F-11D3-BF4B-00C04F79EFBC}") = "pyramidprg1", "pyramidprg1\pyramidprg1.csproj", "{29B222C5-A72C-47E5-A0A4-7A5EC1DA4E3B}"
EndProject
Global
	GlobalSection(SolutionConfigurationPlatforms) = preSolution
		Debug|Any CPU = Debug|Any CPU
		Release|Any CPU = Release|Any CPU
	EndGlobalSection
	GlobalSection(ProjectConfigurationPlatforms) = postSolution
		{29B222C5-A72C-47E5-A0A4-7A5EC1DA4E3B}.Debug|Any CPU.ActiveCfg = Debug|Any CPU
		{29B222C5-A72C-47E5-A0A4-7A5EC1DA4E3B}.Debug|Any CPU.Build.0 = Debug|Any CPU
		{29B222C5-A72C-47E5-A0A4-7A5EC1DA4E3B}.Release|Any CPU.ActiveCfg = Release|Any CPU
		{29B222C5-A72C-47E5-A0A4-7A5EC1DA4E3B}.Release|Any CPU.Build.0 = Release|Any CPU
	EndGlobalSection
	GlobalSection(SolutionProperties) = preSolution
		HideSolutionNode = FALSE
	EndGlobalSection
	GlobalSection(ExtensibilityGlobals) = postSolution
		SolutionGuid = {1C9625D8-1DE4-417B-9749-55A2A639DA7C}
	EndGlobalSection
EndGlobal
