
Microsoft Visual Studio Solution File, Format Version 12.00
# Visual Studio Version 17
VisualStudioVersion = 17.5.33502.453
MinimumVisualStudioVersion = 10.0.40219.1
Project("{FAE04EC0-301F-11D3-BF4B-00C04F79EFBC}") = "WebApplication2", "WebApplication2\WebApplication2.csproj", "{FC778611-7178-4508-A2BA-BEBA889E11A4}"
EndProject
Global
	GlobalSection(SolutionConfigurationPlatforms) = preSolution
		Debug|Any CPU = Debug|Any CPU
		Release|Any CPU = Release|Any CPU
	EndGlobalSection
	GlobalSection(ProjectConfigurationPlatforms) = postSolution
		{FC778611-7178-4508-A2BA-BEBA889E11A4}.Debug|Any CPU.ActiveCfg = Debug|Any CPU
		{FC778611-7178-4508-A2BA-BEBA889E11A4}.Debug|Any CPU.Build.0 = Debug|Any CPU
		{FC778611-7178-4508-A2BA-BEBA889E11A4}.Release|Any CPU.ActiveCfg = Release|Any CPU
		{FC778611-7178-4508-A2BA-BEBA889E11A4}.Release|Any CPU.Build.0 = Release|Any CPU
	EndGlobalSection
	GlobalSection(SolutionProperties) = preSolution
		HideSolutionNode = FALSE
	EndGlobalSection
	GlobalSection(ExtensibilityGlobals) = postSolution
		SolutionGuid = {38214A2F-C940-46CF-B43F-437E9A2A3161}
	EndGlobalSection
EndGlobal
