
Microsoft Visual Studio Solution File, Format Version 12.00
# Visual Studio Version 17
VisualStudioVersion = 17.5.33502.453
MinimumVisualStudioVersion = 10.0.40219.1
Project("{FAE04EC0-301F-11D3-BF4B-00C04F79EFBC}") = "protected access modifier", "protected access modifier\protected access modifier.csproj", "{179426B2-57F3-45B8-AAD1-5D6365BB9944}"
EndProject
Global
	GlobalSection(SolutionConfigurationPlatforms) = preSolution
		Debug|Any CPU = Debug|Any CPU
		Release|Any CPU = Release|Any CPU
	EndGlobalSection
	GlobalSection(ProjectConfigurationPlatforms) = postSolution
		{179426B2-57F3-45B8-AAD1-5D6365BB9944}.Debug|Any CPU.ActiveCfg = Debug|Any CPU
		{179426B2-57F3-45B8-AAD1-5D6365BB9944}.Debug|Any CPU.Build.0 = Debug|Any CPU
		{179426B2-57F3-45B8-AAD1-5D6365BB9944}.Release|Any CPU.ActiveCfg = Release|Any CPU
		{179426B2-57F3-45B8-AAD1-5D6365BB9944}.Release|Any CPU.Build.0 = Release|Any CPU
	EndGlobalSection
	GlobalSection(SolutionProperties) = preSolution
		HideSolutionNode = FALSE
	EndGlobalSection
	GlobalSection(ExtensibilityGlobals) = postSolution
		SolutionGuid = {59C0271B-44D7-44C7-8928-BC2901025DE0}
	EndGlobalSection
EndGlobal
