
Microsoft Visual Studio Solution File, Format Version 12.00
# Visual Studio Version 17
VisualStudioVersion = 17.5.33502.453
MinimumVisualStudioVersion = 10.0.40219.1
Project("{FAE04EC0-301F-11D3-BF4B-00C04F79EFBC}") = "trainregervation", "trainregervation\trainregervation.csproj", "{724746B7-8379-4DED-A056-1C8FDF414FFD}"
EndProject
Global
	GlobalSection(SolutionConfigurationPlatforms) = preSolution
		Debug|Any CPU = Debug|Any CPU
		Release|Any CPU = Release|Any CPU
	EndGlobalSection
	GlobalSection(ProjectConfigurationPlatforms) = postSolution
		{724746B7-8379-4DED-A056-1C8FDF414FFD}.Debug|Any CPU.ActiveCfg = Debug|Any CPU
		{724746B7-8379-4DED-A056-1C8FDF414FFD}.Debug|Any CPU.Build.0 = Debug|Any CPU
		{724746B7-8379-4DED-A056-1C8FDF414FFD}.Release|Any CPU.ActiveCfg = Release|Any CPU
		{724746B7-8379-4DED-A056-1C8FDF414FFD}.Release|Any CPU.Build.0 = Release|Any CPU
	EndGlobalSection
	GlobalSection(SolutionProperties) = preSolution
		HideSolutionNode = FALSE
	EndGlobalSection
	GlobalSection(ExtensibilityGlobals) = postSolution
		SolutionGuid = {361A4206-0F5B-4E65-B876-5937845DB778}
	EndGlobalSection
EndGlobal
