
Microsoft Visual Studio Solution File, Format Version 12.00
# Visual Studio Version 17
VisualStudioVersion = 17.5.33502.453
MinimumVisualStudioVersion = 10.0.40219.1
Project("{FAE04EC0-301F-11D3-BF4B-00C04F79EFBC}") = "base class inherichical", "base class inherichical\base class inherichical.csproj", "{1FD27F94-CABB-43F7-88B0-2F75083D6598}"
EndProject
Global
	GlobalSection(SolutionConfigurationPlatforms) = preSolution
		Debug|Any CPU = Debug|Any CPU
		Release|Any CPU = Release|Any CPU
	EndGlobalSection
	GlobalSection(ProjectConfigurationPlatforms) = postSolution
		{1FD27F94-CABB-43F7-88B0-2F75083D6598}.Debug|Any CPU.ActiveCfg = Debug|Any CPU
		{1FD27F94-CABB-43F7-88B0-2F75083D6598}.Debug|Any CPU.Build.0 = Debug|Any CPU
		{1FD27F94-CABB-43F7-88B0-2F75083D6598}.Release|Any CPU.ActiveCfg = Release|Any CPU
		{1FD27F94-CABB-43F7-88B0-2F75083D6598}.Release|Any CPU.Build.0 = Release|Any CPU
	EndGlobalSection
	GlobalSection(SolutionProperties) = preSolution
		HideSolutionNode = FALSE
	EndGlobalSection
	GlobalSection(ExtensibilityGlobals) = postSolution
		SolutionGuid = {40FED723-C81A-4297-98B5-7282824736DD}
	EndGlobalSection
EndGlobal
