
Microsoft Visual Studio Solution File, Format Version 12.00
# Visual Studio Version 17
VisualStudioVersion = 17.5.33502.453
MinimumVisualStudioVersion = 10.0.40219.1
Project("{FAE04EC0-301F-11D3-BF4B-00C04F79EFBC}") = "polyrophsisep", "polyrophsisep\polyrophsisep.csproj", "{952DAFC2-07B2-4BF7-A843-0DFB5A14D530}"
EndProject
Global
	GlobalSection(SolutionConfigurationPlatforms) = preSolution
		Debug|Any CPU = Debug|Any CPU
		Release|Any CPU = Release|Any CPU
	EndGlobalSection
	GlobalSection(ProjectConfigurationPlatforms) = postSolution
		{952DAFC2-07B2-4BF7-A843-0DFB5A14D530}.Debug|Any CPU.ActiveCfg = Debug|Any CPU
		{952DAFC2-07B2-4BF7-A843-0DFB5A14D530}.Debug|Any CPU.Build.0 = Debug|Any CPU
		{952DAFC2-07B2-4BF7-A843-0DFB5A14D530}.Release|Any CPU.ActiveCfg = Release|Any CPU
		{952DAFC2-07B2-4BF7-A843-0DFB5A14D530}.Release|Any CPU.Build.0 = Release|Any CPU
	EndGlobalSection
	GlobalSection(SolutionProperties) = preSolution
		HideSolutionNode = FALSE
	EndGlobalSection
	GlobalSection(ExtensibilityGlobals) = postSolution
		SolutionGuid = {5C43A0D4-9D6F-4696-863E-0C3B74550ECC}
	EndGlobalSection
EndGlobal
