
Microsoft Visual Studio Solution File, Format Version 12.00
# Visual Studio Version 17
VisualStudioVersion = 17.5.33502.453
MinimumVisualStudioVersion = 10.0.40219.1
Project("{FAE04EC0-301F-11D3-BF4B-00C04F79EFBC}") = "constractoraccount", "constractoraccount\constractoraccount.csproj", "{7AE4A0ED-35F1-41B0-A677-5C69A53BD34E}"
EndProject
Global
	GlobalSection(SolutionConfigurationPlatforms) = preSolution
		Debug|Any CPU = Debug|Any CPU
		Release|Any CPU = Release|Any CPU
	EndGlobalSection
	GlobalSection(ProjectConfigurationPlatforms) = postSolution
		{7AE4A0ED-35F1-41B0-A677-5C69A53BD34E}.Debug|Any CPU.ActiveCfg = Debug|Any CPU
		{7AE4A0ED-35F1-41B0-A677-5C69A53BD34E}.Debug|Any CPU.Build.0 = Debug|Any CPU
		{7AE4A0ED-35F1-41B0-A677-5C69A53BD34E}.Release|Any CPU.ActiveCfg = Release|Any CPU
		{7AE4A0ED-35F1-41B0-A677-5C69A53BD34E}.Release|Any CPU.Build.0 = Release|Any CPU
	EndGlobalSection
	GlobalSection(SolutionProperties) = preSolution
		HideSolutionNode = FALSE
	EndGlobalSection
	GlobalSection(ExtensibilityGlobals) = postSolution
		SolutionGuid = {7E361699-7552-47D2-A7FE-83FB6BC476CB}
	EndGlobalSection
EndGlobal
