
Microsoft Visual Studio Solution File, Format Version 12.00
# Visual Studio Version 17
VisualStudioVersion = 17.5.33502.453
MinimumVisualStudioVersion = 10.0.40219.1
Project("{FAE04EC0-301F-11D3-BF4B-00C04F79EFBC}") = "pre", "pre\pre.csproj", "{CC310ECD-2D09-46CF-A671-389FD47041FC}"
EndProject
Global
	GlobalSection(SolutionConfigurationPlatforms) = preSolution
		Debug|Any CPU = Debug|Any CPU
		Release|Any CPU = Release|Any CPU
	EndGlobalSection
	GlobalSection(ProjectConfigurationPlatforms) = postSolution
		{CC310ECD-2D09-46CF-A671-389FD47041FC}.Debug|Any CPU.ActiveCfg = Debug|Any CPU
		{CC310ECD-2D09-46CF-A671-389FD47041FC}.Debug|Any CPU.Build.0 = Debug|Any CPU
		{CC310ECD-2D09-46CF-A671-389FD47041FC}.Release|Any CPU.ActiveCfg = Release|Any CPU
		{CC310ECD-2D09-46CF-A671-389FD47041FC}.Release|Any CPU.Build.0 = Release|Any CPU
	EndGlobalSection
	GlobalSection(SolutionProperties) = preSolution
		HideSolutionNode = FALSE
	EndGlobalSection
	GlobalSection(ExtensibilityGlobals) = postSolution
		SolutionGuid = {76012EDF-958C-4F43-8955-F1F07C54BBE3}
	EndGlobalSection
EndGlobal
