
Microsoft Visual Studio Solution File, Format Version 12.00
# Visual Studio Version 17
VisualStudioVersion = 17.5.33502.453
MinimumVisualStudioVersion = 10.0.40219.1
Project("{FAE04EC0-301F-11D3-BF4B-00C04F79EFBC}") = "WebApi", "WebApi\WebApi.csproj", "{AD6EBCBD-4292-44EB-8C50-F43685D17F96}"
EndProject
Global
	GlobalSection(SolutionConfigurationPlatforms) = preSolution
		Debug|Any CPU = Debug|Any CPU
		Release|Any CPU = Release|Any CPU
	EndGlobalSection
	GlobalSection(ProjectConfigurationPlatforms) = postSolution
		{AD6EBCBD-4292-44EB-8C50-F43685D17F96}.Debug|Any CPU.ActiveCfg = Debug|Any CPU
		{AD6EBCBD-4292-44EB-8C50-F43685D17F96}.Debug|Any CPU.Build.0 = Debug|Any CPU
		{AD6EBCBD-4292-44EB-8C50-F43685D17F96}.Release|Any CPU.ActiveCfg = Release|Any CPU
		{AD6EBCBD-4292-44EB-8C50-F43685D17F96}.Release|Any CPU.Build.0 = Release|Any CPU
	EndGlobalSection
	GlobalSection(SolutionProperties) = preSolution
		HideSolutionNode = FALSE
	EndGlobalSection
	GlobalSection(ExtensibilityGlobals) = postSolution
		SolutionGuid = {29B4E39C-E5F1-409C-93A0-2B1902E77691}
	EndGlobalSection
EndGlobal
