
Microsoft Visual Studio Solution File, Format Version 12.00
# Visual Studio Version 17
VisualStudioVersion = 17.5.33502.453
MinimumVisualStudioVersion = 10.0.40219.1
Project("{FAE04EC0-301F-11D3-BF4B-00C04F79EFBC}") = "validation", "validation\validation.csproj", "{EFF4E317-BA0F-4B72-9272-1B90D626219D}"
EndProject
Global
	GlobalSection(SolutionConfigurationPlatforms) = preSolution
		Debug|Any CPU = Debug|Any CPU
		Release|Any CPU = Release|Any CPU
	EndGlobalSection
	GlobalSection(ProjectConfigurationPlatforms) = postSolution
		{EFF4E317-BA0F-4B72-9272-1B90D626219D}.Debug|Any CPU.ActiveCfg = Debug|Any CPU
		{EFF4E317-BA0F-4B72-9272-1B90D626219D}.Debug|Any CPU.Build.0 = Debug|Any CPU
		{EFF4E317-BA0F-4B72-9272-1B90D626219D}.Release|Any CPU.ActiveCfg = Release|Any CPU
		{EFF4E317-BA0F-4B72-9272-1B90D626219D}.Release|Any CPU.Build.0 = Release|Any CPU
	EndGlobalSection
	GlobalSection(SolutionProperties) = preSolution
		HideSolutionNode = FALSE
	EndGlobalSection
	GlobalSection(ExtensibilityGlobals) = postSolution
		SolutionGuid = {3B54450D-6F15-4A2C-8839-2EFF41A82280}
	EndGlobalSection
EndGlobal
