
Microsoft Visual Studio Solution File, Format Version 12.00
# Visual Studio Version 17
VisualStudioVersion = 17.5.33502.453
MinimumVisualStudioVersion = 10.0.40219.1
Project("{FAE04EC0-301F-11D3-BF4B-00C04F79EFBC}") = "Mvcwebpage", "Mvcwebpage\Mvcwebpage.csproj", "{B515A748-E4FB-44D3-9F00-76E799081A69}"
EndProject
Global
	GlobalSection(SolutionConfigurationPlatforms) = preSolution
		Debug|Any CPU = Debug|Any CPU
		Release|Any CPU = Release|Any CPU
	EndGlobalSection
	GlobalSection(ProjectConfigurationPlatforms) = postSolution
		{B515A748-E4FB-44D3-9F00-76E799081A69}.Debug|Any CPU.ActiveCfg = Debug|Any CPU
		{B515A748-E4FB-44D3-9F00-76E799081A69}.Debug|Any CPU.Build.0 = Debug|Any CPU
		{B515A748-E4FB-44D3-9F00-76E799081A69}.Release|Any CPU.ActiveCfg = Release|Any CPU
		{B515A748-E4FB-44D3-9F00-76E799081A69}.Release|Any CPU.Build.0 = Release|Any CPU
	EndGlobalSection
	GlobalSection(SolutionProperties) = preSolution
		HideSolutionNode = FALSE
	EndGlobalSection
	GlobalSection(ExtensibilityGlobals) = postSolution
		SolutionGuid = {584649BF-40F7-480D-AF28-015E100221EC}
	EndGlobalSection
EndGlobal
