
Microsoft Visual Studio Solution File, Format Version 12.00
# Visual Studio Version 17
VisualStudioVersion = 17.5.33502.453
MinimumVisualStudioVersion = 10.0.40219.1
Project("{FAE04EC0-301F-11D3-BF4B-00C04F79EFBC}") = "2d array", "2d array\2d array.csproj", "{F4016622-DBBA-448A-93EA-B53EE06230B4}"
EndProject
Global
	GlobalSection(SolutionConfigurationPlatforms) = preSolution
		Debug|Any CPU = Debug|Any CPU
		Release|Any CPU = Release|Any CPU
	EndGlobalSection
	GlobalSection(ProjectConfigurationPlatforms) = postSolution
		{F4016622-DBBA-448A-93EA-B53EE06230B4}.Debug|Any CPU.ActiveCfg = Debug|Any CPU
		{F4016622-DBBA-448A-93EA-B53EE06230B4}.Debug|Any CPU.Build.0 = Debug|Any CPU
		{F4016622-DBBA-448A-93EA-B53EE06230B4}.Release|Any CPU.ActiveCfg = Release|Any CPU
		{F4016622-DBBA-448A-93EA-B53EE06230B4}.Release|Any CPU.Build.0 = Release|Any CPU
	EndGlobalSection
	GlobalSection(SolutionProperties) = preSolution
		HideSolutionNode = FALSE
	EndGlobalSection
	GlobalSection(ExtensibilityGlobals) = postSolution
		SolutionGuid = {8AABD939-8933-4AC9-B138-29D5CCCB5291}
	EndGlobalSection
EndGlobal
