
Microsoft Visual Studio Solution File, Format Version 12.00
# Visual Studio Version 17
VisualStudioVersion = 17.5.33502.453
MinimumVisualStudioVersion = 10.0.40219.1
Project("{FAE04EC0-301F-11D3-BF4B-00C04F79EFBC}") = "resultgreatersmaller", "resultgreatersmaller\resultgreatersmaller.csproj", "{D70D6631-1B88-4B1D-B0EE-52A40F595CCF}"
EndProject
Global
	GlobalSection(SolutionConfigurationPlatforms) = preSolution
		Debug|Any CPU = Debug|Any CPU
		Release|Any CPU = Release|Any CPU
	EndGlobalSection
	GlobalSection(ProjectConfigurationPlatforms) = postSolution
		{D70D6631-1B88-4B1D-B0EE-52A40F595CCF}.Debug|Any CPU.ActiveCfg = Debug|Any CPU
		{D70D6631-1B88-4B1D-B0EE-52A40F595CCF}.Debug|Any CPU.Build.0 = Debug|Any CPU
		{D70D6631-1B88-4B1D-B0EE-52A40F595CCF}.Release|Any CPU.ActiveCfg = Release|Any CPU
		{D70D6631-1B88-4B1D-B0EE-52A40F595CCF}.Release|Any CPU.Build.0 = Release|Any CPU
	EndGlobalSection
	GlobalSection(SolutionProperties) = preSolution
		HideSolutionNode = FALSE
	EndGlobalSection
	GlobalSection(ExtensibilityGlobals) = postSolution
		SolutionGuid = {AFAF8CEF-A594-4E72-A3FE-D0AB3494034C}
	EndGlobalSection
EndGlobal
