
Microsoft Visual Studio Solution File, Format Version 12.00
# Visual Studio Version 17
VisualStudioVersion = 17.5.33502.453
MinimumVisualStudioVersion = 10.0.40219.1
Project("{FAE04EC0-301F-11D3-BF4B-00C04F79EFBC}") = "ConsoleApp19", "ConsoleApp19\ConsoleApp19.csproj", "{72EE2CAF-F441-45A3-AA81-58CE5E1D2A49}"
EndProject
Global
	GlobalSection(SolutionConfigurationPlatforms) = preSolution
		Debug|Any CPU = Debug|Any CPU
		Release|Any CPU = Release|Any CPU
	EndGlobalSection
	GlobalSection(ProjectConfigurationPlatforms) = postSolution
		{72EE2CAF-F441-45A3-AA81-58CE5E1D2A49}.Debug|Any CPU.ActiveCfg = Debug|Any CPU
		{72EE2CAF-F441-45A3-AA81-58CE5E1D2A49}.Debug|Any CPU.Build.0 = Debug|Any CPU
		{72EE2CAF-F441-45A3-AA81-58CE5E1D2A49}.Release|Any CPU.ActiveCfg = Release|Any CPU
		{72EE2CAF-F441-45A3-AA81-58CE5E1D2A49}.Release|Any CPU.Build.0 = Release|Any CPU
	EndGlobalSection
	GlobalSection(SolutionProperties) = preSolution
		HideSolutionNode = FALSE
	EndGlobalSection
	GlobalSection(ExtensibilityGlobals) = postSolution
		SolutionGuid = {2CAC36EC-C89C-4D4A-A0C7-CD190D63C8E9}
	EndGlobalSection
EndGlobal
