
Microsoft Visual Studio Solution File, Format Version 12.00
# Visual Studio Version 17
VisualStudioVersion = 17.5.33502.453
MinimumVisualStudioVersion = 10.0.40219.1
Project("{FAE04EC0-301F-11D3-BF4B-00C04F79EFBC}") = "project-C", "project-C\project-C.csproj", "{300E0046-E80F-4B9A-B7F8-E0B3C60DDEA5}"
EndProject
Global
	GlobalSection(SolutionConfigurationPlatforms) = preSolution
		Debug|Any CPU = Debug|Any CPU
		Release|Any CPU = Release|Any CPU
	EndGlobalSection
	GlobalSection(ProjectConfigurationPlatforms) = postSolution
		{300E0046-E80F-4B9A-B7F8-E0B3C60DDEA5}.Debug|Any CPU.ActiveCfg = Debug|Any CPU
		{300E0046-E80F-4B9A-B7F8-E0B3C60DDEA5}.Debug|Any CPU.Build.0 = Debug|Any CPU
		{300E0046-E80F-4B9A-B7F8-E0B3C60DDEA5}.Release|Any CPU.ActiveCfg = Release|Any CPU
		{300E0046-E80F-4B9A-B7F8-E0B3C60DDEA5}.Release|Any CPU.Build.0 = Release|Any CPU
	EndGlobalSection
	GlobalSection(SolutionProperties) = preSolution
		HideSolutionNode = FALSE
	EndGlobalSection
	GlobalSection(ExtensibilityGlobals) = postSolution
		SolutionGuid = {E8EEF6F6-80CD-4138-8C97-AD8468FA713C}
	EndGlobalSection
EndGlobal
