
Microsoft Visual Studio Solution File, Format Version 12.00
# Visual Studio Version 17
VisualStudioVersion = 17.5.33502.453
MinimumVisualStudioVersion = 10.0.40219.1
Project("{FAE04EC0-301F-11D3-BF4B-00C04F79EFBC}") = "checkboxprg", "checkboxprg\checkboxprg.csproj", "{046B38B9-1091-44E6-AD86-62B29D76BD33}"
EndProject
Global
	GlobalSection(SolutionConfigurationPlatforms) = preSolution
		Debug|Any CPU = Debug|Any CPU
		Release|Any CPU = Release|Any CPU
	EndGlobalSection
	GlobalSection(ProjectConfigurationPlatforms) = postSolution
		{046B38B9-1091-44E6-AD86-62B29D76BD33}.Debug|Any CPU.ActiveCfg = Debug|Any CPU
		{046B38B9-1091-44E6-AD86-62B29D76BD33}.Debug|Any CPU.Build.0 = Debug|Any CPU
		{046B38B9-1091-44E6-AD86-62B29D76BD33}.Release|Any CPU.ActiveCfg = Release|Any CPU
		{046B38B9-1091-44E6-AD86-62B29D76BD33}.Release|Any CPU.Build.0 = Release|Any CPU
	EndGlobalSection
	GlobalSection(SolutionProperties) = preSolution
		HideSolutionNode = FALSE
	EndGlobalSection
	GlobalSection(ExtensibilityGlobals) = postSolution
		SolutionGuid = {236B84C8-4F36-4DFB-AA50-21A33A06B62E}
	EndGlobalSection
EndGlobal
