
Microsoft Visual Studio Solution File, Format Version 12.00
# Visual Studio Version 17
VisualStudioVersion = 17.5.33502.453
MinimumVisualStudioVersion = 10.0.40219.1
Project("{FAE04EC0-301F-11D3-BF4B-00C04F79EFBC}") = "product store", "product store\product store.csproj", "{88DACA45-E8D2-4AA2-BF87-D860B168D775}"
EndProject
Global
	GlobalSection(SolutionConfigurationPlatforms) = preSolution
		Debug|Any CPU = Debug|Any CPU
		Release|Any CPU = Release|Any CPU
	EndGlobalSection
	GlobalSection(ProjectConfigurationPlatforms) = postSolution
		{88DACA45-E8D2-4AA2-BF87-D860B168D775}.Debug|Any CPU.ActiveCfg = Debug|Any CPU
		{88DACA45-E8D2-4AA2-BF87-D860B168D775}.Debug|Any CPU.Build.0 = Debug|Any CPU
		{88DACA45-E8D2-4AA2-BF87-D860B168D775}.Release|Any CPU.ActiveCfg = Release|Any CPU
		{88DACA45-E8D2-4AA2-BF87-D860B168D775}.Release|Any CPU.Build.0 = Release|Any CPU
	EndGlobalSection
	GlobalSection(SolutionProperties) = preSolution
		HideSolutionNode = FALSE
	EndGlobalSection
	GlobalSection(ExtensibilityGlobals) = postSolution
		SolutionGuid = {B812F8DE-BF9B-4CDD-85F9-72B0A0B74322}
	EndGlobalSection
EndGlobal
