
Microsoft Visual Studio Solution File, Format Version 12.00
# Visual Studio Version 17
VisualStudioVersion = 17.5.33502.453
MinimumVisualStudioVersion = 10.0.40219.1
Project("{FAE04EC0-301F-11D3-BF4B-00C04F79EFBC}") = "webform", "webform\webform.csproj", "{BC000325-6726-4ABC-96DD-BCCF3DA8C447}"
EndProject
Global
	GlobalSection(SolutionConfigurationPlatforms) = preSolution
		Debug|Any CPU = Debug|Any CPU
		Release|Any CPU = Release|Any CPU
	EndGlobalSection
	GlobalSection(ProjectConfigurationPlatforms) = postSolution
		{BC000325-6726-4ABC-96DD-BCCF3DA8C447}.Debug|Any CPU.ActiveCfg = Debug|Any CPU
		{BC000325-6726-4ABC-96DD-BCCF3DA8C447}.Debug|Any CPU.Build.0 = Debug|Any CPU
		{BC000325-6726-4ABC-96DD-BCCF3DA8C447}.Release|Any CPU.ActiveCfg = Release|Any CPU
		{BC000325-6726-4ABC-96DD-BCCF3DA8C447}.Release|Any CPU.Build.0 = Release|Any CPU
	EndGlobalSection
	GlobalSection(SolutionProperties) = preSolution
		HideSolutionNode = FALSE
	EndGlobalSection
	GlobalSection(ExtensibilityGlobals) = postSolution
		SolutionGuid = {54A91EF7-A533-402E-808C-73DB0BFBE4F0}
	EndGlobalSection
EndGlobal
