
Microsoft Visual Studio Solution File, Format Version 12.00
# Visual Studio Version 17
VisualStudioVersion = 17.5.33502.453
MinimumVisualStudioVersion = 10.0.40219.1
Project("{FAE04EC0-301F-11D3-BF4B-00C04F79EFBC}") = "ConsoleApp8", "ConsoleApp8\ConsoleApp8.csproj", "{EF9F7018-64D6-4E43-8CCD-95A4E42BDE60}"
EndProject
Global
	GlobalSection(SolutionConfigurationPlatforms) = preSolution
		Debug|Any CPU = Debug|Any CPU
		Release|Any CPU = Release|Any CPU
	EndGlobalSection
	GlobalSection(ProjectConfigurationPlatforms) = postSolution
		{EF9F7018-64D6-4E43-8CCD-95A4E42BDE60}.Debug|Any CPU.ActiveCfg = Debug|Any CPU
		{EF9F7018-64D6-4E43-8CCD-95A4E42BDE60}.Debug|Any CPU.Build.0 = Debug|Any CPU
		{EF9F7018-64D6-4E43-8CCD-95A4E42BDE60}.Release|Any CPU.ActiveCfg = Release|Any CPU
		{EF9F7018-64D6-4E43-8CCD-95A4E42BDE60}.Release|Any CPU.Build.0 = Release|Any CPU
	EndGlobalSection
	GlobalSection(SolutionProperties) = preSolution
		HideSolutionNode = FALSE
	EndGlobalSection
	GlobalSection(ExtensibilityGlobals) = postSolution
		SolutionGuid = {6E32DDC7-A63C-4E43-A453-3D7FF05C21FB}
	EndGlobalSection
EndGlobal
