
Microsoft Visual Studio Solution File, Format Version 12.00
# Visual Studio Version 17
VisualStudioVersion = 17.5.33502.453
MinimumVisualStudioVersion = 10.0.40219.1
Project("{FAE04EC0-301F-11D3-BF4B-00C04F79EFBC}") = "student having fields and methods", "student having fields and methods\student having fields and methods.csproj", "{8B80712C-91C7-4AB2-B291-99A15DB6EC05}"
EndProject
Global
	GlobalSection(SolutionConfigurationPlatforms) = preSolution
		Debug|Any CPU = Debug|Any CPU
		Release|Any CPU = Release|Any CPU
	EndGlobalSection
	GlobalSection(ProjectConfigurationPlatforms) = postSolution
		{8B80712C-91C7-4AB2-B291-99A15DB6EC05}.Debug|Any CPU.ActiveCfg = Debug|Any CPU
		{8B80712C-91C7-4AB2-B291-99A15DB6EC05}.Debug|Any CPU.Build.0 = Debug|Any CPU
		{8B80712C-91C7-4AB2-B291-99A15DB6EC05}.Release|Any CPU.ActiveCfg = Release|Any CPU
		{8B80712C-91C7-4AB2-B291-99A15DB6EC05}.Release|Any CPU.Build.0 = Release|Any CPU
	EndGlobalSection
	GlobalSection(SolutionProperties) = preSolution
		HideSolutionNode = FALSE
	EndGlobalSection
	GlobalSection(ExtensibilityGlobals) = postSolution
		SolutionGuid = {C755EA2C-610B-445B-8224-27F5E238104E}
	EndGlobalSection
EndGlobal
