
Microsoft Visual Studio Solution File, Format Version 12.00
# Visual Studio Version 17
VisualStudioVersion = 17.5.33502.453
MinimumVisualStudioVersion = 10.0.40219.1
Project("{FAE04EC0-301F-11D3-BF4B-00C04F79EFBC}") = "Validationex2", "Validationex2\Validationex2.csproj", "{2DCD6D6C-B21F-42F1-B728-C3418455B63C}"
EndProject
Global
	GlobalSection(SolutionConfigurationPlatforms) = preSolution
		Debug|Any CPU = Debug|Any CPU
		Release|Any CPU = Release|Any CPU
	EndGlobalSection
	GlobalSection(ProjectConfigurationPlatforms) = postSolution
		{2DCD6D6C-B21F-42F1-B728-C3418455B63C}.Debug|Any CPU.ActiveCfg = Debug|Any CPU
		{2DCD6D6C-B21F-42F1-B728-C3418455B63C}.Debug|Any CPU.Build.0 = Debug|Any CPU
		{2DCD6D6C-B21F-42F1-B728-C3418455B63C}.Release|Any CPU.ActiveCfg = Release|Any CPU
		{2DCD6D6C-B21F-42F1-B728-C3418455B63C}.Release|Any CPU.Build.0 = Release|Any CPU
	EndGlobalSection
	GlobalSection(SolutionProperties) = preSolution
		HideSolutionNode = FALSE
	EndGlobalSection
	GlobalSection(ExtensibilityGlobals) = postSolution
		SolutionGuid = {5F2DE4A0-02D2-4684-96B1-33E13D228909}
	EndGlobalSection
EndGlobal
