
Microsoft Visual Studio Solution File, Format Version 12.00
# Visual Studio Version 17
VisualStudioVersion = 17.5.33502.453
MinimumVisualStudioVersion = 10.0.40219.1
Project("{FAE04EC0-301F-11D3-BF4B-00C04F79EFBC}") = "array short", "array short\array short.csproj", "{228AF376-4D64-42AA-B1E4-3B0DD2B27351}"
EndProject
Global
	GlobalSection(SolutionConfigurationPlatforms) = preSolution
		Debug|Any CPU = Debug|Any CPU
		Release|Any CPU = Release|Any CPU
	EndGlobalSection
	GlobalSection(ProjectConfigurationPlatforms) = postSolution
		{228AF376-4D64-42AA-B1E4-3B0DD2B27351}.Debug|Any CPU.ActiveCfg = Debug|Any CPU
		{228AF376-4D64-42AA-B1E4-3B0DD2B27351}.Debug|Any CPU.Build.0 = Debug|Any CPU
		{228AF376-4D64-42AA-B1E4-3B0DD2B27351}.Release|Any CPU.ActiveCfg = Release|Any CPU
		{228AF376-4D64-42AA-B1E4-3B0DD2B27351}.Release|Any CPU.Build.0 = Release|Any CPU
	EndGlobalSection
	GlobalSection(SolutionProperties) = preSolution
		HideSolutionNode = FALSE
	EndGlobalSection
	GlobalSection(ExtensibilityGlobals) = postSolution
		SolutionGuid = {9A5123A8-E2A2-4115-A559-DF96B46792D7}
	EndGlobalSection
EndGlobal
