
Microsoft Visual Studio Solution File, Format Version 12.00
# Visual Studio Version 17
VisualStudioVersion = 17.5.33502.453
MinimumVisualStudioVersion = 10.0.40219.1
Project("{FAE04EC0-301F-11D3-BF4B-00C04F79EFBC}") = "inheritance", "inheritance\inheritance.csproj", "{166D1C02-5A28-42C0-90BF-A8C1935999BB}"
EndProject
Global
	GlobalSection(SolutionConfigurationPlatforms) = preSolution
		Debug|Any CPU = Debug|Any CPU
		Release|Any CPU = Release|Any CPU
	EndGlobalSection
	GlobalSection(ProjectConfigurationPlatforms) = postSolution
		{166D1C02-5A28-42C0-90BF-A8C1935999BB}.Debug|Any CPU.ActiveCfg = Debug|Any CPU
		{166D1C02-5A28-42C0-90BF-A8C1935999BB}.Debug|Any CPU.Build.0 = Debug|Any CPU
		{166D1C02-5A28-42C0-90BF-A8C1935999BB}.Release|Any CPU.ActiveCfg = Release|Any CPU
		{166D1C02-5A28-42C0-90BF-A8C1935999BB}.Release|Any CPU.Build.0 = Release|Any CPU
	EndGlobalSection
	GlobalSection(SolutionProperties) = preSolution
		HideSolutionNode = FALSE
	EndGlobalSection
	GlobalSection(ExtensibilityGlobals) = postSolution
		SolutionGuid = {AF2037A1-7237-4A08-BF90-EE872F1239EE}
	EndGlobalSection
EndGlobal
