
Microsoft Visual Studio Solution File, Format Version 12.00
# Visual Studio Version 17
VisualStudioVersion = 17.5.33502.453
MinimumVisualStudioVersion = 10.0.40219.1
Project("{FAE04EC0-301F-11D3-BF4B-00C04F79EFBC}") = "Validationform", "Validationform\Validationform.csproj", "{371C63D8-81E2-49DB-BD30-C20F83721FBB}"
EndProject
Global
	GlobalSection(SolutionConfigurationPlatforms) = preSolution
		Debug|Any CPU = Debug|Any CPU
		Release|Any CPU = Release|Any CPU
	EndGlobalSection
	GlobalSection(ProjectConfigurationPlatforms) = postSolution
		{371C63D8-81E2-49DB-BD30-C20F83721FBB}.Debug|Any CPU.ActiveCfg = Debug|Any CPU
		{371C63D8-81E2-49DB-BD30-C20F83721FBB}.Debug|Any CPU.Build.0 = Debug|Any CPU
		{371C63D8-81E2-49DB-BD30-C20F83721FBB}.Release|Any CPU.ActiveCfg = Release|Any CPU
		{371C63D8-81E2-49DB-BD30-C20F83721FBB}.Release|Any CPU.Build.0 = Release|Any CPU
	EndGlobalSection
	GlobalSection(SolutionProperties) = preSolution
		HideSolutionNode = FALSE
	EndGlobalSection
	GlobalSection(ExtensibilityGlobals) = postSolution
		SolutionGuid = {DDFDF34F-5E65-4247-B37A-3761C0D806F1}
	EndGlobalSection
EndGlobal
