
Microsoft Visual Studio Solution File, Format Version 12.00
# Visual Studio Version 17
VisualStudioVersion = 17.5.33502.453
MinimumVisualStudioVersion = 10.0.40219.1
Project("{FAE04EC0-301F-11D3-BF4B-00C04F79EFBC}") = "ConsoleApp34", "ConsoleApp34\ConsoleApp34.csproj", "{0C4FD20A-09D8-4261-9668-9C5345919B88}"
EndProject
Global
	GlobalSection(SolutionConfigurationPlatforms) = preSolution
		Debug|Any CPU = Debug|Any CPU
		Release|Any CPU = Release|Any CPU
	EndGlobalSection
	GlobalSection(ProjectConfigurationPlatforms) = postSolution
		{0C4FD20A-09D8-4261-9668-9C5345919B88}.Debug|Any CPU.ActiveCfg = Debug|Any CPU
		{0C4FD20A-09D8-4261-9668-9C5345919B88}.Debug|Any CPU.Build.0 = Debug|Any CPU
		{0C4FD20A-09D8-4261-9668-9C5345919B88}.Release|Any CPU.ActiveCfg = Release|Any CPU
		{0C4FD20A-09D8-4261-9668-9C5345919B88}.Release|Any CPU.Build.0 = Release|Any CPU
	EndGlobalSection
	GlobalSection(SolutionProperties) = preSolution
		HideSolutionNode = FALSE
	EndGlobalSection
	GlobalSection(ExtensibilityGlobals) = postSolution
		SolutionGuid = {1348B327-FA68-4CD0-9C7F-7FD9B1338A86}
	EndGlobalSection
EndGlobal
