
Microsoft Visual Studio Solution File, Format Version 12.00
# Visual Studio Version 17
VisualStudioVersion = 17.5.33502.453
MinimumVisualStudioVersion = 10.0.40219.1
Project("{FAE04EC0-301F-11D3-BF4B-00C04F79EFBC}") = "usingDLL", "usingDLL\usingDLL.csproj", "{724F3362-BA8C-4EAD-A824-72EFCD0EF8C0}"
EndProject
Global
	GlobalSection(SolutionConfigurationPlatforms) = preSolution
		Debug|Any CPU = Debug|Any CPU
		Release|Any CPU = Release|Any CPU
	EndGlobalSection
	GlobalSection(ProjectConfigurationPlatforms) = postSolution
		{724F3362-BA8C-4EAD-A824-72EFCD0EF8C0}.Debug|Any CPU.ActiveCfg = Debug|Any CPU
		{724F3362-BA8C-4EAD-A824-72EFCD0EF8C0}.Debug|Any CPU.Build.0 = Debug|Any CPU
		{724F3362-BA8C-4EAD-A824-72EFCD0EF8C0}.Release|Any CPU.ActiveCfg = Release|Any CPU
		{724F3362-BA8C-4EAD-A824-72EFCD0EF8C0}.Release|Any CPU.Build.0 = Release|Any CPU
	EndGlobalSection
	GlobalSection(SolutionProperties) = preSolution
		HideSolutionNode = FALSE
	EndGlobalSection
	GlobalSection(ExtensibilityGlobals) = postSolution
		SolutionGuid = {1C437ADE-28F5-4513-92A6-F280E034BB9B}
	EndGlobalSection
EndGlobal
