
Microsoft Visual Studio Solution File, Format Version 12.00
# Visual Studio Version 17
VisualStudioVersion = 17.5.33502.453
MinimumVisualStudioVersion = 10.0.40219.1
Project("{FAE04EC0-301F-11D3-BF4B-00C04F79EFBC}") = "useremployee", "useremployee\useremployee.csproj", "{002DDC32-8DD6-42C3-AFC7-5AAE0CCED53C}"
EndProject
Global
	GlobalSection(SolutionConfigurationPlatforms) = preSolution
		Debug|Any CPU = Debug|Any CPU
		Release|Any CPU = Release|Any CPU
	EndGlobalSection
	GlobalSection(ProjectConfigurationPlatforms) = postSolution
		{002DDC32-8DD6-42C3-AFC7-5AAE0CCED53C}.Debug|Any CPU.ActiveCfg = Debug|Any CPU
		{002DDC32-8DD6-42C3-AFC7-5AAE0CCED53C}.Debug|Any CPU.Build.0 = Debug|Any CPU
		{002DDC32-8DD6-42C3-AFC7-5AAE0CCED53C}.Release|Any CPU.ActiveCfg = Release|Any CPU
		{002DDC32-8DD6-42C3-AFC7-5AAE0CCED53C}.Release|Any CPU.Build.0 = Release|Any CPU
	EndGlobalSection
	GlobalSection(SolutionProperties) = preSolution
		HideSolutionNode = FALSE
	EndGlobalSection
	GlobalSection(ExtensibilityGlobals) = postSolution
		SolutionGuid = {C89F2479-29D5-4E71-8264-E2CB2D3AB27D}
	EndGlobalSection
EndGlobal
