
Microsoft Visual Studio Solution File, Format Version 12.00
# Visual Studio Version 17
VisualStudioVersion = 17.5.33502.453
MinimumVisualStudioVersion = 10.0.40219.1
Project("{FAE04EC0-301F-11D3-BF4B-00C04F79EFBC}") = "store addition of 2 array", "store addition of 2 array\store addition of 2 array.csproj", "{2D44457F-CBD4-4EDA-B267-87268792D837}"
EndProject
Global
	GlobalSection(SolutionConfigurationPlatforms) = preSolution
		Debug|Any CPU = Debug|Any CPU
		Release|Any CPU = Release|Any CPU
	EndGlobalSection
	GlobalSection(ProjectConfigurationPlatforms) = postSolution
		{2D44457F-CBD4-4EDA-B267-87268792D837}.Debug|Any CPU.ActiveCfg = Debug|Any CPU
		{2D44457F-CBD4-4EDA-B267-87268792D837}.Debug|Any CPU.Build.0 = Debug|Any CPU
		{2D44457F-CBD4-4EDA-B267-87268792D837}.Release|Any CPU.ActiveCfg = Release|Any CPU
		{2D44457F-CBD4-4EDA-B267-87268792D837}.Release|Any CPU.Build.0 = Release|Any CPU
	EndGlobalSection
	GlobalSection(SolutionProperties) = preSolution
		HideSolutionNode = FALSE
	EndGlobalSection
	GlobalSection(ExtensibilityGlobals) = postSolution
		SolutionGuid = {A3ED9DC2-1C23-41AD-A685-85FFDBCACA98}
	EndGlobalSection
EndGlobal
