
Microsoft Visual Studio Solution File, Format Version 12.00
# Visual Studio Version 17
VisualStudioVersion = 17.5.33502.453
MinimumVisualStudioVersion = 10.0.40219.1
Project("{FAE04EC0-301F-11D3-BF4B-00C04F79EFBC}") = "exhandling", "exhandling\exhandling.csproj", "{763053CC-71FF-493C-8F16-2DD5364ACDE5}"
EndProject
Global
	GlobalSection(SolutionConfigurationPlatforms) = preSolution
		Debug|Any CPU = Debug|Any CPU
		Release|Any CPU = Release|Any CPU
	EndGlobalSection
	GlobalSection(ProjectConfigurationPlatforms) = postSolution
		{763053CC-71FF-493C-8F16-2DD5364ACDE5}.Debug|Any CPU.ActiveCfg = Debug|Any CPU
		{763053CC-71FF-493C-8F16-2DD5364ACDE5}.Debug|Any CPU.Build.0 = Debug|Any CPU
		{763053CC-71FF-493C-8F16-2DD5364ACDE5}.Release|Any CPU.ActiveCfg = Release|Any CPU
		{763053CC-71FF-493C-8F16-2DD5364ACDE5}.Release|Any CPU.Build.0 = Release|Any CPU
	EndGlobalSection
	GlobalSection(SolutionProperties) = preSolution
		HideSolutionNode = FALSE
	EndGlobalSection
	GlobalSection(ExtensibilityGlobals) = postSolution
		SolutionGuid = {A88E218B-5BB9-441E-B267-44CE470EADF1}
	EndGlobalSection
EndGlobal
