
Microsoft Visual Studio Solution File, Format Version 12.00
# Visual Studio Version 17
VisualStudioVersion = 17.5.33502.453
MinimumVisualStudioVersion = 10.0.40219.1
Project("{FAE04EC0-301F-11D3-BF4B-00C04F79EFBC}") = "single level", "single level\single level.csproj", "{40B7AD5A-162D-41AD-9A91-10A020E62FB6}"
EndProject
Global
	GlobalSection(SolutionConfigurationPlatforms) = preSolution
		Debug|Any CPU = Debug|Any CPU
		Release|Any CPU = Release|Any CPU
	EndGlobalSection
	GlobalSection(ProjectConfigurationPlatforms) = postSolution
		{40B7AD5A-162D-41AD-9A91-10A020E62FB6}.Debug|Any CPU.ActiveCfg = Debug|Any CPU
		{40B7AD5A-162D-41AD-9A91-10A020E62FB6}.Debug|Any CPU.Build.0 = Debug|Any CPU
		{40B7AD5A-162D-41AD-9A91-10A020E62FB6}.Release|Any CPU.ActiveCfg = Release|Any CPU
		{40B7AD5A-162D-41AD-9A91-10A020E62FB6}.Release|Any CPU.Build.0 = Release|Any CPU
	EndGlobalSection
	GlobalSection(SolutionProperties) = preSolution
		HideSolutionNode = FALSE
	EndGlobalSection
	GlobalSection(ExtensibilityGlobals) = postSolution
		SolutionGuid = {06C0FD37-129C-40AC-9A45-97FFFA3CAF31}
	EndGlobalSection
EndGlobal
