
Microsoft Visual Studio Solution File, Format Version 12.00
# Visual Studio Version 17
VisualStudioVersion = 17.5.33502.453
MinimumVisualStudioVersion = 10.0.40219.1
Project("{FAE04EC0-301F-11D3-BF4B-00C04F79EFBC}") = "Getstudentmvc", "Getstudentmvc\Getstudentmvc.csproj", "{D3678683-4BB0-4940-BB69-BB0DB1BDD802}"
EndProject
Global
	GlobalSection(SolutionConfigurationPlatforms) = preSolution
		Debug|Any CPU = Debug|Any CPU
		Release|Any CPU = Release|Any CPU
	EndGlobalSection
	GlobalSection(ProjectConfigurationPlatforms) = postSolution
		{D3678683-4BB0-4940-BB69-BB0DB1BDD802}.Debug|Any CPU.ActiveCfg = Debug|Any CPU
		{D3678683-4BB0-4940-BB69-BB0DB1BDD802}.Debug|Any CPU.Build.0 = Debug|Any CPU
		{D3678683-4BB0-4940-BB69-BB0DB1BDD802}.Release|Any CPU.ActiveCfg = Release|Any CPU
		{D3678683-4BB0-4940-BB69-BB0DB1BDD802}.Release|Any CPU.Build.0 = Release|Any CPU
	EndGlobalSection
	GlobalSection(SolutionProperties) = preSolution
		HideSolutionNode = FALSE
	EndGlobalSection
	GlobalSection(ExtensibilityGlobals) = postSolution
		SolutionGuid = {885505CC-A9EE-4BD9-8C20-B400C43FD128}
	EndGlobalSection
EndGlobal
