
Microsoft Visual Studio Solution File, Format Version 12.00
# Visual Studio Version 17
VisualStudioVersion = 17.5.33502.453
MinimumVisualStudioVersion = 10.0.40219.1
Project("{FAE04EC0-301F-11D3-BF4B-00C04F79EFBC}") = "Templatesmvc", "Templatesmvc\Templatesmvc.csproj", "{2A8D3299-BCF4-4524-82C7-825F9EEC81A0}"
EndProject
Global
	GlobalSection(SolutionConfigurationPlatforms) = preSolution
		Debug|Any CPU = Debug|Any CPU
		Release|Any CPU = Release|Any CPU
	EndGlobalSection
	GlobalSection(ProjectConfigurationPlatforms) = postSolution
		{2A8D3299-BCF4-4524-82C7-825F9EEC81A0}.Debug|Any CPU.ActiveCfg = Debug|Any CPU
		{2A8D3299-BCF4-4524-82C7-825F9EEC81A0}.Debug|Any CPU.Build.0 = Debug|Any CPU
		{2A8D3299-BCF4-4524-82C7-825F9EEC81A0}.Release|Any CPU.ActiveCfg = Release|Any CPU
		{2A8D3299-BCF4-4524-82C7-825F9EEC81A0}.Release|Any CPU.Build.0 = Release|Any CPU
	EndGlobalSection
	GlobalSection(SolutionProperties) = preSolution
		HideSolutionNode = FALSE
	EndGlobalSection
	GlobalSection(ExtensibilityGlobals) = postSolution
		SolutionGuid = {1809688B-4DD2-47EB-9166-9E7460BA22DD}
	EndGlobalSection
EndGlobal
