
Microsoft Visual Studio Solution File, Format Version 12.00
# Visual Studio Version 17
VisualStudioVersion = 17.5.33502.453
MinimumVisualStudioVersion = 10.0.40219.1
Project("{FAE04EC0-301F-11D3-BF4B-00C04F79EFBC}") = "herichical inheritane1", "herichical inheritane1\herichical inheritane1.csproj", "{5D5BA048-8996-446A-80E5-091CEED3B0FE}"
EndProject
Global
	GlobalSection(SolutionConfigurationPlatforms) = preSolution
		Debug|Any CPU = Debug|Any CPU
		Release|Any CPU = Release|Any CPU
	EndGlobalSection
	GlobalSection(ProjectConfigurationPlatforms) = postSolution
		{5D5BA048-8996-446A-80E5-091CEED3B0FE}.Debug|Any CPU.ActiveCfg = Debug|Any CPU
		{5D5BA048-8996-446A-80E5-091CEED3B0FE}.Debug|Any CPU.Build.0 = Debug|Any CPU
		{5D5BA048-8996-446A-80E5-091CEED3B0FE}.Release|Any CPU.ActiveCfg = Release|Any CPU
		{5D5BA048-8996-446A-80E5-091CEED3B0FE}.Release|Any CPU.Build.0 = Release|Any CPU
	EndGlobalSection
	GlobalSection(SolutionProperties) = preSolution
		HideSolutionNode = FALSE
	EndGlobalSection
	GlobalSection(ExtensibilityGlobals) = postSolution
		SolutionGuid = {E890EE0D-58A7-4F94-BF66-F126AE549209}
	EndGlobalSection
EndGlobal
