
Microsoft Visual Studio Solution File, Format Version 12.00
# Visual Studio Version 17
VisualStudioVersion = 17.5.33502.453
MinimumVisualStudioVersion = 10.0.40219.1
Project("{FAE04EC0-301F-11D3-BF4B-00C04F79EFBC}") = "employee salary information", "employee salary information\employee salary information.csproj", "{3868CB51-5BDC-4BB5-AACD-17A7FC15BF89}"
EndProject
Global
	GlobalSection(SolutionConfigurationPlatforms) = preSolution
		Debug|Any CPU = Debug|Any CPU
		Release|Any CPU = Release|Any CPU
	EndGlobalSection
	GlobalSection(ProjectConfigurationPlatforms) = postSolution
		{3868CB51-5BDC-4BB5-AACD-17A7FC15BF89}.Debug|Any CPU.ActiveCfg = Debug|Any CPU
		{3868CB51-5BDC-4BB5-AACD-17A7FC15BF89}.Debug|Any CPU.Build.0 = Debug|Any CPU
		{3868CB51-5BDC-4BB5-AACD-17A7FC15BF89}.Release|Any CPU.ActiveCfg = Release|Any CPU
		{3868CB51-5BDC-4BB5-AACD-17A7FC15BF89}.Release|Any CPU.Build.0 = Release|Any CPU
	EndGlobalSection
	GlobalSection(SolutionProperties) = preSolution
		HideSolutionNode = FALSE
	EndGlobalSection
	GlobalSection(ExtensibilityGlobals) = postSolution
		SolutionGuid = {01B5AB47-C016-4E6F-99F9-14DD2D279F36}
	EndGlobalSection
EndGlobal
