
Microsoft Visual Studio Solution File, Format Version 12.00
# Visual Studio Version 17
VisualStudioVersion = 17.5.33502.453
MinimumVisualStudioVersion = 10.0.40219.1
Project("{FAE04EC0-301F-11D3-BF4B-00C04F79EFBC}") = "illustrated changing", "illustrated changing\illustrated changing.csproj", "{D8FD7C2D-8323-4208-A417-9F62EC6E1007}"
EndProject
Global
	GlobalSection(SolutionConfigurationPlatforms) = preSolution
		Debug|Any CPU = Debug|Any CPU
		Release|Any CPU = Release|Any CPU
	EndGlobalSection
	GlobalSection(ProjectConfigurationPlatforms) = postSolution
		{D8FD7C2D-8323-4208-A417-9F62EC6E1007}.Debug|Any CPU.ActiveCfg = Debug|Any CPU
		{D8FD7C2D-8323-4208-A417-9F62EC6E1007}.Debug|Any CPU.Build.0 = Debug|Any CPU
		{D8FD7C2D-8323-4208-A417-9F62EC6E1007}.Release|Any CPU.ActiveCfg = Release|Any CPU
		{D8FD7C2D-8323-4208-A417-9F62EC6E1007}.Release|Any CPU.Build.0 = Release|Any CPU
	EndGlobalSection
	GlobalSection(SolutionProperties) = preSolution
		HideSolutionNode = FALSE
	EndGlobalSection
	GlobalSection(ExtensibilityGlobals) = postSolution
		SolutionGuid = {B665A97A-CA56-4A2F-9486-8E4E463E14F7}
	EndGlobalSection
EndGlobal
