
Microsoft Visual Studio Solution File, Format Version 12.00
# Visual Studio Version 17
VisualStudioVersion = 17.5.33502.453
MinimumVisualStudioVersion = 10.0.40219.1
Project("{FAE04EC0-301F-11D3-BF4B-00C04F79EFBC}") = "anagram", "anagram\anagram.csproj", "{60D86C4E-0E59-49FE-9720-F67B7700F1F0}"
EndProject
Global
	GlobalSection(SolutionConfigurationPlatforms) = preSolution
		Debug|Any CPU = Debug|Any CPU
		Release|Any CPU = Release|Any CPU
	EndGlobalSection
	GlobalSection(ProjectConfigurationPlatforms) = postSolution
		{60D86C4E-0E59-49FE-9720-F67B7700F1F0}.Debug|Any CPU.ActiveCfg = Debug|Any CPU
		{60D86C4E-0E59-49FE-9720-F67B7700F1F0}.Debug|Any CPU.Build.0 = Debug|Any CPU
		{60D86C4E-0E59-49FE-9720-F67B7700F1F0}.Release|Any CPU.ActiveCfg = Release|Any CPU
		{60D86C4E-0E59-49FE-9720-F67B7700F1F0}.Release|Any CPU.Build.0 = Release|Any CPU
	EndGlobalSection
	GlobalSection(SolutionProperties) = preSolution
		HideSolutionNode = FALSE
	EndGlobalSection
	GlobalSection(ExtensibilityGlobals) = postSolution
		SolutionGuid = {68E515C0-5ABB-4FA5-9850-C8685EB0F31A}
	EndGlobalSection
EndGlobal
