
Microsoft Visual Studio Solution File, Format Version 12.00
# Visual Studio Version 17
VisualStudioVersion = 17.5.33502.453
MinimumVisualStudioVersion = 10.0.40219.1
Project("{FAE04EC0-301F-11D3-BF4B-00C04F79EFBC}") = "WindowsFormsApp2", "WindowsFormsApp2\WindowsFormsApp2.csproj", "{CC3B9578-836C-4C50-8F17-82F43C5C68AD}"
EndProject
Global
	GlobalSection(SolutionConfigurationPlatforms) = preSolution
		Debug|Any CPU = Debug|Any CPU
		Release|Any CPU = Release|Any CPU
	EndGlobalSection
	GlobalSection(ProjectConfigurationPlatforms) = postSolution
		{CC3B9578-836C-4C50-8F17-82F43C5C68AD}.Debug|Any CPU.ActiveCfg = Debug|Any CPU
		{CC3B9578-836C-4C50-8F17-82F43C5C68AD}.Debug|Any CPU.Build.0 = Debug|Any CPU
		{CC3B9578-836C-4C50-8F17-82F43C5C68AD}.Release|Any CPU.ActiveCfg = Release|Any CPU
		{CC3B9578-836C-4C50-8F17-82F43C5C68AD}.Release|Any CPU.Build.0 = Release|Any CPU
	EndGlobalSection
	GlobalSection(SolutionProperties) = preSolution
		HideSolutionNode = FALSE
	EndGlobalSection
	GlobalSection(ExtensibilityGlobals) = postSolution
		SolutionGuid = {832E3CF3-50FD-48D3-A7D5-7E54851A445D}
	EndGlobalSection
EndGlobal
