
Microsoft Visual Studio Solution File, Format Version 12.00
# Visual Studio Version 17
VisualStudioVersion = 17.5.33502.453
MinimumVisualStudioVersion = 10.0.40219.1
Project("{FAE04EC0-301F-11D3-BF4B-00C04F79EFBC}") = "doublepararameterreturnsquare", "doublepararameterreturnsquare\doublepararameterreturnsquare.csproj", "{F07E9152-FB85-41F0-9718-EF9BDF4E75A1}"
EndProject
Global
	GlobalSection(SolutionConfigurationPlatforms) = preSolution
		Debug|Any CPU = Debug|Any CPU
		Release|Any CPU = Release|Any CPU
	EndGlobalSection
	GlobalSection(ProjectConfigurationPlatforms) = postSolution
		{F07E9152-FB85-41F0-9718-EF9BDF4E75A1}.Debug|Any CPU.ActiveCfg = Debug|Any CPU
		{F07E9152-FB85-41F0-9718-EF9BDF4E75A1}.Debug|Any CPU.Build.0 = Debug|Any CPU
		{F07E9152-FB85-41F0-9718-EF9BDF4E75A1}.Release|Any CPU.ActiveCfg = Release|Any CPU
		{F07E9152-FB85-41F0-9718-EF9BDF4E75A1}.Release|Any CPU.Build.0 = Release|Any CPU
	EndGlobalSection
	GlobalSection(SolutionProperties) = preSolution
		HideSolutionNode = FALSE
	EndGlobalSection
	GlobalSection(ExtensibilityGlobals) = postSolution
		SolutionGuid = {F48567DE-79EE-4325-8D5F-3E1DEC48B712}
	EndGlobalSection
EndGlobal
