
Microsoft Visual Studio Solution File, Format Version 12.00
# Visual Studio Version 17
VisualStudioVersion = 17.5.33502.453
MinimumVisualStudioVersion = 10.0.40219.1
Project("{FAE04EC0-301F-11D3-BF4B-00C04F79EFBC}") = "ado.net1", "ado.net1\ado.net1.csproj", "{BB04BF46-2F26-40BA-8A69-2B6C0DF09AB0}"
EndProject
Global
	GlobalSection(SolutionConfigurationPlatforms) = preSolution
		Debug|Any CPU = Debug|Any CPU
		Release|Any CPU = Release|Any CPU
	EndGlobalSection
	GlobalSection(ProjectConfigurationPlatforms) = postSolution
		{BB04BF46-2F26-40BA-8A69-2B6C0DF09AB0}.Debug|Any CPU.ActiveCfg = Debug|Any CPU
		{BB04BF46-2F26-40BA-8A69-2B6C0DF09AB0}.Debug|Any CPU.Build.0 = Debug|Any CPU
		{BB04BF46-2F26-40BA-8A69-2B6C0DF09AB0}.Release|Any CPU.ActiveCfg = Release|Any CPU
		{BB04BF46-2F26-40BA-8A69-2B6C0DF09AB0}.Release|Any CPU.Build.0 = Release|Any CPU
	EndGlobalSection
	GlobalSection(SolutionProperties) = preSolution
		HideSolutionNode = FALSE
	EndGlobalSection
	GlobalSection(ExtensibilityGlobals) = postSolution
		SolutionGuid = {B9C01D4B-D338-4F44-ADD0-DE82C4464BF4}
	EndGlobalSection
EndGlobal
