
Microsoft Visual Studio Solution File, Format Version 12.00
# Visual Studio Version 17
VisualStudioVersion = 17.5.33502.453
MinimumVisualStudioVersion = 10.0.40219.1
Project("{FAE04EC0-301F-11D3-BF4B-00C04F79EFBC}") = "mdiform", "mdiform\mdiform.csproj", "{01455EE4-2DC8-452E-840D-1EB7FB5FBCA1}"
EndProject
Global
	GlobalSection(SolutionConfigurationPlatforms) = preSolution
		Debug|Any CPU = Debug|Any CPU
		Release|Any CPU = Release|Any CPU
	EndGlobalSection
	GlobalSection(ProjectConfigurationPlatforms) = postSolution
		{01455EE4-2DC8-452E-840D-1EB7FB5FBCA1}.Debug|Any CPU.ActiveCfg = Debug|Any CPU
		{01455EE4-2DC8-452E-840D-1EB7FB5FBCA1}.Debug|Any CPU.Build.0 = Debug|Any CPU
		{01455EE4-2DC8-452E-840D-1EB7FB5FBCA1}.Release|Any CPU.ActiveCfg = Release|Any CPU
		{01455EE4-2DC8-452E-840D-1EB7FB5FBCA1}.Release|Any CPU.Build.0 = Release|Any CPU
	EndGlobalSection
	GlobalSection(SolutionProperties) = preSolution
		HideSolutionNode = FALSE
	EndGlobalSection
	GlobalSection(ExtensibilityGlobals) = postSolution
		SolutionGuid = {0809C143-9D82-49DB-9CE3-1A3B62F6A584}
	EndGlobalSection
EndGlobal
