
Microsoft Visual Studio Solution File, Format Version 12.00
# Visual Studio Version 17
VisualStudioVersion = 17.5.33502.453
MinimumVisualStudioVersion = 10.0.40219.1
Project("{FAE04EC0-301F-11D3-BF4B-00C04F79EFBC}") = "to illustrate the Enums", "to illustrate the Enums\to illustrate the Enums.csproj", "{37970CB5-C64A-4145-84CA-C5E8167DA207}"
EndProject
Global
	GlobalSection(SolutionConfigurationPlatforms) = preSolution
		Debug|Any CPU = Debug|Any CPU
		Release|Any CPU = Release|Any CPU
	EndGlobalSection
	GlobalSection(ProjectConfigurationPlatforms) = postSolution
		{37970CB5-C64A-4145-84CA-C5E8167DA207}.Debug|Any CPU.ActiveCfg = Debug|Any CPU
		{37970CB5-C64A-4145-84CA-C5E8167DA207}.Debug|Any CPU.Build.0 = Debug|Any CPU
		{37970CB5-C64A-4145-84CA-C5E8167DA207}.Release|Any CPU.ActiveCfg = Release|Any CPU
		{37970CB5-C64A-4145-84CA-C5E8167DA207}.Release|Any CPU.Build.0 = Release|Any CPU
	EndGlobalSection
	GlobalSection(SolutionProperties) = preSolution
		HideSolutionNode = FALSE
	EndGlobalSection
	GlobalSection(ExtensibilityGlobals) = postSolution
		SolutionGuid = {EBFA3EEA-5C02-4880-AAE6-16D066EA83CC}
	EndGlobalSection
EndGlobal
