
Microsoft Visual Studio Solution File, Format Version 12.00
# Visual Studio Version 17
VisualStudioVersion = 17.5.33502.453
MinimumVisualStudioVersion = 10.0.40219.1
Project("{FAE04EC0-301F-11D3-BF4B-00C04F79EFBC}") = "Single Level Inheritance method", "Single Level Inheritance method\Single Level Inheritance method.csproj", "{A65A9F14-3335-4993-AAFD-92EAFC8C4FF3}"
EndProject
Global
	GlobalSection(SolutionConfigurationPlatforms) = preSolution
		Debug|Any CPU = Debug|Any CPU
		Release|Any CPU = Release|Any CPU
	EndGlobalSection
	GlobalSection(ProjectConfigurationPlatforms) = postSolution
		{A65A9F14-3335-4993-AAFD-92EAFC8C4FF3}.Debug|Any CPU.ActiveCfg = Debug|Any CPU
		{A65A9F14-3335-4993-AAFD-92EAFC8C4FF3}.Debug|Any CPU.Build.0 = Debug|Any CPU
		{A65A9F14-3335-4993-AAFD-92EAFC8C4FF3}.Release|Any CPU.ActiveCfg = Release|Any CPU
		{A65A9F14-3335-4993-AAFD-92EAFC8C4FF3}.Release|Any CPU.Build.0 = Release|Any CPU
	EndGlobalSection
	GlobalSection(SolutionProperties) = preSolution
		HideSolutionNode = FALSE
	EndGlobalSection
	GlobalSection(ExtensibilityGlobals) = postSolution
		SolutionGuid = {221139D9-E3EC-4FB1-97C1-BFE7D4321486}
	EndGlobalSection
EndGlobal
