
Microsoft Visual Studio Solution File, Format Version 12.00
# Visual Studio Version 17
VisualStudioVersion = 17.5.33502.453
MinimumVisualStudioVersion = 10.0.40219.1
Project("{FAE04EC0-301F-11D3-BF4B-00C04F79EFBC}") = "polynorphis", "polynorphis\polynorphis.csproj", "{777D14B5-F29E-404B-A6C9-D591595625DF}"
EndProject
Global
	GlobalSection(SolutionConfigurationPlatforms) = preSolution
		Debug|Any CPU = Debug|Any CPU
		Release|Any CPU = Release|Any CPU
	EndGlobalSection
	GlobalSection(ProjectConfigurationPlatforms) = postSolution
		{777D14B5-F29E-404B-A6C9-D591595625DF}.Debug|Any CPU.ActiveCfg = Debug|Any CPU
		{777D14B5-F29E-404B-A6C9-D591595625DF}.Debug|Any CPU.Build.0 = Debug|Any CPU
		{777D14B5-F29E-404B-A6C9-D591595625DF}.Release|Any CPU.ActiveCfg = Release|Any CPU
		{777D14B5-F29E-404B-A6C9-D591595625DF}.Release|Any CPU.Build.0 = Release|Any CPU
	EndGlobalSection
	GlobalSection(SolutionProperties) = preSolution
		HideSolutionNode = FALSE
	EndGlobalSection
	GlobalSection(ExtensibilityGlobals) = postSolution
		SolutionGuid = {7F3F0BD7-003D-4144-91EA-BB43AB0A25FC}
	EndGlobalSection
EndGlobal
