
Microsoft Visual Studio Solution File, Format Version 12.00
# Visual Studio Version 17
VisualStudioVersion = 17.5.33502.453
MinimumVisualStudioVersion = 10.0.40219.1
Project("{FAE04EC0-301F-11D3-BF4B-00C04F79EFBC}") = "calculator prg", "calculator prg\calculator prg.csproj", "{4D11596C-891A-4006-9D94-9E4CDF5A77B4}"
EndProject
Global
	GlobalSection(SolutionConfigurationPlatforms) = preSolution
		Debug|Any CPU = Debug|Any CPU
		Release|Any CPU = Release|Any CPU
	EndGlobalSection
	GlobalSection(ProjectConfigurationPlatforms) = postSolution
		{4D11596C-891A-4006-9D94-9E4CDF5A77B4}.Debug|Any CPU.ActiveCfg = Debug|Any CPU
		{4D11596C-891A-4006-9D94-9E4CDF5A77B4}.Debug|Any CPU.Build.0 = Debug|Any CPU
		{4D11596C-891A-4006-9D94-9E4CDF5A77B4}.Release|Any CPU.ActiveCfg = Release|Any CPU
		{4D11596C-891A-4006-9D94-9E4CDF5A77B4}.Release|Any CPU.Build.0 = Release|Any CPU
	EndGlobalSection
	GlobalSection(SolutionProperties) = preSolution
		HideSolutionNode = FALSE
	EndGlobalSection
	GlobalSection(ExtensibilityGlobals) = postSolution
		SolutionGuid = {776B144E-135C-4EAA-8C67-577C0E6F9F2D}
	EndGlobalSection
EndGlobal
