
Microsoft Visual Studio Solution File, Format Version 12.00
# Visual Studio Version 17
VisualStudioVersion = 17.5.33502.453
MinimumVisualStudioVersion = 10.0.40219.1
Project("{FAE04EC0-301F-11D3-BF4B-00C04F79EFBC}") = "sample2", "sample2\sample2.csproj", "{799E85A8-B52D-468B-84EC-1EDA9046FD1C}"
EndProject
Global
	GlobalSection(SolutionConfigurationPlatforms) = preSolution
		Debug|Any CPU = Debug|Any CPU
		Release|Any CPU = Release|Any CPU
	EndGlobalSection
	GlobalSection(ProjectConfigurationPlatforms) = postSolution
		{799E85A8-B52D-468B-84EC-1EDA9046FD1C}.Debug|Any CPU.ActiveCfg = Debug|Any CPU
		{799E85A8-B52D-468B-84EC-1EDA9046FD1C}.Debug|Any CPU.Build.0 = Debug|Any CPU
		{799E85A8-B52D-468B-84EC-1EDA9046FD1C}.Release|Any CPU.ActiveCfg = Release|Any CPU
		{799E85A8-B52D-468B-84EC-1EDA9046FD1C}.Release|Any CPU.Build.0 = Release|Any CPU
	EndGlobalSection
	GlobalSection(SolutionProperties) = preSolution
		HideSolutionNode = FALSE
	EndGlobalSection
	GlobalSection(ExtensibilityGlobals) = postSolution
		SolutionGuid = {8336B39D-3C70-40AD-9371-0B4743B91E3B}
	EndGlobalSection
EndGlobal
