
Microsoft Visual Studio Solution File, Format Version 12.00
# Visual Studio Version 17
VisualStudioVersion = 17.5.33502.453
MinimumVisualStudioVersion = 10.0.40219.1
Project("{FAE04EC0-301F-11D3-BF4B-00C04F79EFBC}") = "Itemlistmvcdb", "Itemlistmvcdb\Itemlistmvcdb.csproj", "{30AA79B7-554E-44EE-B5B0-14717DC48C0C}"
EndProject
Global
	GlobalSection(SolutionConfigurationPlatforms) = preSolution
		Debug|Any CPU = Debug|Any CPU
		Release|Any CPU = Release|Any CPU
	EndGlobalSection
	GlobalSection(ProjectConfigurationPlatforms) = postSolution
		{30AA79B7-554E-44EE-B5B0-14717DC48C0C}.Debug|Any CPU.ActiveCfg = Debug|Any CPU
		{30AA79B7-554E-44EE-B5B0-14717DC48C0C}.Debug|Any CPU.Build.0 = Debug|Any CPU
		{30AA79B7-554E-44EE-B5B0-14717DC48C0C}.Release|Any CPU.ActiveCfg = Release|Any CPU
		{30AA79B7-554E-44EE-B5B0-14717DC48C0C}.Release|Any CPU.Build.0 = Release|Any CPU
	EndGlobalSection
	GlobalSection(SolutionProperties) = preSolution
		HideSolutionNode = FALSE
	EndGlobalSection
	GlobalSection(ExtensibilityGlobals) = postSolution
		SolutionGuid = {82D737BB-6925-40CE-B9DD-B52BA2C84541}
	EndGlobalSection
EndGlobal
