
Microsoft Visual Studio Solution File, Format Version 12.00
# Visual Studio Version 17
VisualStudioVersion = 17.5.33502.453
MinimumVisualStudioVersion = 10.0.40219.1
Project("{FAE04EC0-301F-11D3-BF4B-00C04F79EFBC}") = "single level with overloading", "single level with overloading\single level with overloading.csproj", "{36EF4D2B-6067-4712-A376-A48E695C893D}"
EndProject
Global
	GlobalSection(SolutionConfigurationPlatforms) = preSolution
		Debug|Any CPU = Debug|Any CPU
		Release|Any CPU = Release|Any CPU
	EndGlobalSection
	GlobalSection(ProjectConfigurationPlatforms) = postSolution
		{36EF4D2B-6067-4712-A376-A48E695C893D}.Debug|Any CPU.ActiveCfg = Debug|Any CPU
		{36EF4D2B-6067-4712-A376-A48E695C893D}.Debug|Any CPU.Build.0 = Debug|Any CPU
		{36EF4D2B-6067-4712-A376-A48E695C893D}.Release|Any CPU.ActiveCfg = Release|Any CPU
		{36EF4D2B-6067-4712-A376-A48E695C893D}.Release|Any CPU.Build.0 = Release|Any CPU
	EndGlobalSection
	GlobalSection(SolutionProperties) = preSolution
		HideSolutionNode = FALSE
	EndGlobalSection
	GlobalSection(ExtensibilityGlobals) = postSolution
		SolutionGuid = {8705B6A0-6FEE-4EF2-9221-61D1C4ED84FE}
	EndGlobalSection
EndGlobal
