
Microsoft Visual Studio Solution File, Format Version 12.00
# Visual Studio Version 17
VisualStudioVersion = 17.5.33502.453
MinimumVisualStudioVersion = 10.0.40219.1
Project("{FAE04EC0-301F-11D3-BF4B-00C04F79EFBC}") = "ConsoleApp55", "ConsoleApp55\ConsoleApp55.csproj", "{70613DF8-DD22-4988-A5ED-B7B98E49E93B}"
EndProject
Global
	GlobalSection(SolutionConfigurationPlatforms) = preSolution
		Debug|Any CPU = Debug|Any CPU
		Release|Any CPU = Release|Any CPU
	EndGlobalSection
	GlobalSection(ProjectConfigurationPlatforms) = postSolution
		{70613DF8-DD22-4988-A5ED-B7B98E49E93B}.Debug|Any CPU.ActiveCfg = Debug|Any CPU
		{70613DF8-DD22-4988-A5ED-B7B98E49E93B}.Debug|Any CPU.Build.0 = Debug|Any CPU
		{70613DF8-DD22-4988-A5ED-B7B98E49E93B}.Release|Any CPU.ActiveCfg = Release|Any CPU
		{70613DF8-DD22-4988-A5ED-B7B98E49E93B}.Release|Any CPU.Build.0 = Release|Any CPU
	EndGlobalSection
	GlobalSection(SolutionProperties) = preSolution
		HideSolutionNode = FALSE
	EndGlobalSection
	GlobalSection(ExtensibilityGlobals) = postSolution
		SolutionGuid = {0F248A11-85D0-45DC-9BFF-22B128553433}
	EndGlobalSection
EndGlobal
