
Microsoft Visual Studio Solution File, Format Version 12.00
# Visual Studio Version 17
VisualStudioVersion = 17.5.33502.453
MinimumVisualStudioVersion = 10.0.40219.1
Project("{FAE04EC0-301F-11D3-BF4B-00C04F79EFBC}") = "string compare", "string compare\string compare.csproj", "{5241CDF0-F43A-46CA-BE83-DE692F987752}"
EndProject
Global
	GlobalSection(SolutionConfigurationPlatforms) = preSolution
		Debug|Any CPU = Debug|Any CPU
		Release|Any CPU = Release|Any CPU
	EndGlobalSection
	GlobalSection(ProjectConfigurationPlatforms) = postSolution
		{5241CDF0-F43A-46CA-BE83-DE692F987752}.Debug|Any CPU.ActiveCfg = Debug|Any CPU
		{5241CDF0-F43A-46CA-BE83-DE692F987752}.Debug|Any CPU.Build.0 = Debug|Any CPU
		{5241CDF0-F43A-46CA-BE83-DE692F987752}.Release|Any CPU.ActiveCfg = Release|Any CPU
		{5241CDF0-F43A-46CA-BE83-DE692F987752}.Release|Any CPU.Build.0 = Release|Any CPU
	EndGlobalSection
	GlobalSection(SolutionProperties) = preSolution
		HideSolutionNode = FALSE
	EndGlobalSection
	GlobalSection(ExtensibilityGlobals) = postSolution
		SolutionGuid = {6D2FB5B4-072A-4CF0-9A65-A756E88378D9}
	EndGlobalSection
EndGlobal
