
Microsoft Visual Studio Solution File, Format Version 12.00
# Visual Studio Version 17
VisualStudioVersion = 17.5.33502.453
MinimumVisualStudioVersion = 10.0.40219.1
Project("{FAE04EC0-301F-11D3-BF4B-00C04F79EFBC}") = "clone method", "clone method\clone method.csproj", "{68996BA2-D998-4947-A95F-D77675D1C4F6}"
EndProject
Global
	GlobalSection(SolutionConfigurationPlatforms) = preSolution
		Debug|Any CPU = Debug|Any CPU
		Release|Any CPU = Release|Any CPU
	EndGlobalSection
	GlobalSection(ProjectConfigurationPlatforms) = postSolution
		{68996BA2-D998-4947-A95F-D77675D1C4F6}.Debug|Any CPU.ActiveCfg = Debug|Any CPU
		{68996BA2-D998-4947-A95F-D77675D1C4F6}.Debug|Any CPU.Build.0 = Debug|Any CPU
		{68996BA2-D998-4947-A95F-D77675D1C4F6}.Release|Any CPU.ActiveCfg = Release|Any CPU
		{68996BA2-D998-4947-A95F-D77675D1C4F6}.Release|Any CPU.Build.0 = Release|Any CPU
	EndGlobalSection
	GlobalSection(SolutionProperties) = preSolution
		HideSolutionNode = FALSE
	EndGlobalSection
	GlobalSection(ExtensibilityGlobals) = postSolution
		SolutionGuid = {3D8CF577-27EF-460E-B0D3-0D022E7AEB25}
	EndGlobalSection
EndGlobal
