
Microsoft Visual Studio Solution File, Format Version 12.00
# Visual Studio Version 17
VisualStudioVersion = 17.5.33502.453
MinimumVisualStudioVersion = 10.0.40219.1
Project("{FAE04EC0-301F-11D3-BF4B-00C04F79EFBC}") = "connectionmvc", "connectionmvc\connectionmvc.csproj", "{80318902-8C5E-49EC-9610-CD8489ADD56E}"
EndProject
Global
	GlobalSection(SolutionConfigurationPlatforms) = preSolution
		Debug|Any CPU = Debug|Any CPU
		Release|Any CPU = Release|Any CPU
	EndGlobalSection
	GlobalSection(ProjectConfigurationPlatforms) = postSolution
		{80318902-8C5E-49EC-9610-CD8489ADD56E}.Debug|Any CPU.ActiveCfg = Debug|Any CPU
		{80318902-8C5E-49EC-9610-CD8489ADD56E}.Debug|Any CPU.Build.0 = Debug|Any CPU
		{80318902-8C5E-49EC-9610-CD8489ADD56E}.Release|Any CPU.ActiveCfg = Release|Any CPU
		{80318902-8C5E-49EC-9610-CD8489ADD56E}.Release|Any CPU.Build.0 = Release|Any CPU
	EndGlobalSection
	GlobalSection(SolutionProperties) = preSolution
		HideSolutionNode = FALSE
	EndGlobalSection
	GlobalSection(ExtensibilityGlobals) = postSolution
		SolutionGuid = {EBDAF010-E886-4BBA-9599-0945E47A2C45}
	EndGlobalSection
EndGlobal
