
Microsoft Visual Studio Solution File, Format Version 12.00
# Visual Studio Version 17
VisualStudioVersion = 17.5.33502.453
MinimumVisualStudioVersion = 10.0.40219.1
Project("{FAE04EC0-301F-11D3-BF4B-00C04F79EFBC}") = "2integerparareturnsum", "2integerparareturnsum\2integerparareturnsum.csproj", "{28192208-C3D4-4B8D-A2DC-6CA978030574}"
EndProject
Global
	GlobalSection(SolutionConfigurationPlatforms) = preSolution
		Debug|Any CPU = Debug|Any CPU
		Release|Any CPU = Release|Any CPU
	EndGlobalSection
	GlobalSection(ProjectConfigurationPlatforms) = postSolution
		{28192208-C3D4-4B8D-A2DC-6CA978030574}.Debug|Any CPU.ActiveCfg = Debug|Any CPU
		{28192208-C3D4-4B8D-A2DC-6CA978030574}.Debug|Any CPU.Build.0 = Debug|Any CPU
		{28192208-C3D4-4B8D-A2DC-6CA978030574}.Release|Any CPU.ActiveCfg = Release|Any CPU
		{28192208-C3D4-4B8D-A2DC-6CA978030574}.Release|Any CPU.Build.0 = Release|Any CPU
	EndGlobalSection
	GlobalSection(SolutionProperties) = preSolution
		HideSolutionNode = FALSE
	EndGlobalSection
	GlobalSection(ExtensibilityGlobals) = postSolution
		SolutionGuid = {3577850D-4DCA-4B2E-98B3-5F449A0DF31E}
	EndGlobalSection
EndGlobal
