
Microsoft Visual Studio Solution File, Format Version 12.00
# Visual Studio Version 17
VisualStudioVersion = 17.5.33502.453
MinimumVisualStudioVersion = 10.0.40219.1
Project("{FAE04EC0-301F-11D3-BF4B-00C04F79EFBC}") = "base and drived class employee", "base and drived class employee\base and drived class employee.csproj", "{DB06F14E-3495-4783-8E5A-5B962CD53A13}"
EndProject
Global
	GlobalSection(SolutionConfigurationPlatforms) = preSolution
		Debug|Any CPU = Debug|Any CPU
		Release|Any CPU = Release|Any CPU
	EndGlobalSection
	GlobalSection(ProjectConfigurationPlatforms) = postSolution
		{DB06F14E-3495-4783-8E5A-5B962CD53A13}.Debug|Any CPU.ActiveCfg = Debug|Any CPU
		{DB06F14E-3495-4783-8E5A-5B962CD53A13}.Debug|Any CPU.Build.0 = Debug|Any CPU
		{DB06F14E-3495-4783-8E5A-5B962CD53A13}.Release|Any CPU.ActiveCfg = Release|Any CPU
		{DB06F14E-3495-4783-8E5A-5B962CD53A13}.Release|Any CPU.Build.0 = Release|Any CPU
	EndGlobalSection
	GlobalSection(SolutionProperties) = preSolution
		HideSolutionNode = FALSE
	EndGlobalSection
	GlobalSection(ExtensibilityGlobals) = postSolution
		SolutionGuid = {FD9B2AE2-DDDA-4F2E-9CEE-C6D32BCD9784}
	EndGlobalSection
EndGlobal
