
Microsoft Visual Studio Solution File, Format Version 12.00
# Visual Studio Version 17
VisualStudioVersion = 17.5.33502.453
MinimumVisualStudioVersion = 10.0.40219.1
Project("{FAE04EC0-301F-11D3-BF4B-00C04F79EFBC}") = "ConsoleApp3", "ConsoleApp3\ConsoleApp3.csproj", "{F223B840-41FC-467E-9855-BB76A1ACD57F}"
EndProject
Global
	GlobalSection(SolutionConfigurationPlatforms) = preSolution
		Debug|Any CPU = Debug|Any CPU
		Release|Any CPU = Release|Any CPU
	EndGlobalSection
	GlobalSection(ProjectConfigurationPlatforms) = postSolution
		{F223B840-41FC-467E-9855-BB76A1ACD57F}.Debug|Any CPU.ActiveCfg = Debug|Any CPU
		{F223B840-41FC-467E-9855-BB76A1ACD57F}.Debug|Any CPU.Build.0 = Debug|Any CPU
		{F223B840-41FC-467E-9855-BB76A1ACD57F}.Release|Any CPU.ActiveCfg = Release|Any CPU
		{F223B840-41FC-467E-9855-BB76A1ACD57F}.Release|Any CPU.Build.0 = Release|Any CPU
	EndGlobalSection
	GlobalSection(SolutionProperties) = preSolution
		HideSolutionNode = FALSE
	EndGlobalSection
	GlobalSection(ExtensibilityGlobals) = postSolution
		SolutionGuid = {A001B68A-9FC7-4C29-AFA3-5DE518936393}
	EndGlobalSection
EndGlobal
