
Microsoft Visual Studio Solution File, Format Version 12.00
# Visual Studio Version 17
VisualStudioVersion = 17.5.33502.453
MinimumVisualStudioVersion = 10.0.40219.1
Project("{FAE04EC0-301F-11D3-BF4B-00C04F79EFBC}") = "base drieved person prg", "base drieved person prg\base drieved person prg.csproj", "{BDEC3912-93E1-41A0-AE7C-E2FE21A9D998}"
EndProject
Global
	GlobalSection(SolutionConfigurationPlatforms) = preSolution
		Debug|Any CPU = Debug|Any CPU
		Release|Any CPU = Release|Any CPU
	EndGlobalSection
	GlobalSection(ProjectConfigurationPlatforms) = postSolution
		{BDEC3912-93E1-41A0-AE7C-E2FE21A9D998}.Debug|Any CPU.ActiveCfg = Debug|Any CPU
		{BDEC3912-93E1-41A0-AE7C-E2FE21A9D998}.Debug|Any CPU.Build.0 = Debug|Any CPU
		{BDEC3912-93E1-41A0-AE7C-E2FE21A9D998}.Release|Any CPU.ActiveCfg = Release|Any CPU
		{BDEC3912-93E1-41A0-AE7C-E2FE21A9D998}.Release|Any CPU.Build.0 = Release|Any CPU
	EndGlobalSection
	GlobalSection(SolutionProperties) = preSolution
		HideSolutionNode = FALSE
	EndGlobalSection
	GlobalSection(ExtensibilityGlobals) = postSolution
		SolutionGuid = {8869EDDB-5D84-440F-8ED3-4DB86CB257D7}
	EndGlobalSection
EndGlobal
