
Microsoft Visual Studio Solution File, Format Version 12.00
# Visual Studio Version 17
VisualStudioVersion = 17.5.33502.453
MinimumVisualStudioVersion = 10.0.40219.1
Project("{FAE04EC0-301F-11D3-BF4B-00C04F79EFBC}") = "select country list", "select country list\select country list.csproj", "{D54215DA-3B75-4178-8D1E-CD6980754221}"
EndProject
Global
	GlobalSection(SolutionConfigurationPlatforms) = preSolution
		Debug|Any CPU = Debug|Any CPU
		Release|Any CPU = Release|Any CPU
	EndGlobalSection
	GlobalSection(ProjectConfigurationPlatforms) = postSolution
		{D54215DA-3B75-4178-8D1E-CD6980754221}.Debug|Any CPU.ActiveCfg = Debug|Any CPU
		{D54215DA-3B75-4178-8D1E-CD6980754221}.Debug|Any CPU.Build.0 = Debug|Any CPU
		{D54215DA-3B75-4178-8D1E-CD6980754221}.Release|Any CPU.ActiveCfg = Release|Any CPU
		{D54215DA-3B75-4178-8D1E-CD6980754221}.Release|Any CPU.Build.0 = Release|Any CPU
	EndGlobalSection
	GlobalSection(SolutionProperties) = preSolution
		HideSolutionNode = FALSE
	EndGlobalSection
	GlobalSection(ExtensibilityGlobals) = postSolution
		SolutionGuid = {AC83F6D7-F7E3-405B-8EE8-BAAD23A6741B}
	EndGlobalSection
EndGlobal
