
Microsoft Visual Studio Solution File, Format Version 12.00
# Visual Studio Version 17
VisualStudioVersion = 17.5.33502.453
MinimumVisualStudioVersion = 10.0.40219.1
Project("{FAE04EC0-301F-11D3-BF4B-00C04F79EFBC}") = "clear method", "clear method\clear method.csproj", "{43399E95-AA1C-4AC0-9518-BFCF3666BB17}"
EndProject
Global
	GlobalSection(SolutionConfigurationPlatforms) = preSolution
		Debug|Any CPU = Debug|Any CPU
		Release|Any CPU = Release|Any CPU
	EndGlobalSection
	GlobalSection(ProjectConfigurationPlatforms) = postSolution
		{43399E95-AA1C-4AC0-9518-BFCF3666BB17}.Debug|Any CPU.ActiveCfg = Debug|Any CPU
		{43399E95-AA1C-4AC0-9518-BFCF3666BB17}.Debug|Any CPU.Build.0 = Debug|Any CPU
		{43399E95-AA1C-4AC0-9518-BFCF3666BB17}.Release|Any CPU.ActiveCfg = Release|Any CPU
		{43399E95-AA1C-4AC0-9518-BFCF3666BB17}.Release|Any CPU.Build.0 = Release|Any CPU
	EndGlobalSection
	GlobalSection(SolutionProperties) = preSolution
		HideSolutionNode = FALSE
	EndGlobalSection
	GlobalSection(ExtensibilityGlobals) = postSolution
		SolutionGuid = {4F7C6E08-5386-478E-BBBE-5FE64D7D2361}
	EndGlobalSection
EndGlobal
