
Microsoft Visual Studio Solution File, Format Version 12.00
# Visual Studio Version 17
VisualStudioVersion = 17.5.33502.453
MinimumVisualStudioVersion = 10.0.40219.1
Project("{FAE04EC0-301F-11D3-BF4B-00C04F79EFBC}") = "ConsoleApp61", "ConsoleApp61\ConsoleApp61.csproj", "{F52F7F78-7DCD-4833-86AD-9A96CEBAEB19}"
EndProject
Global
	GlobalSection(SolutionConfigurationPlatforms) = preSolution
		Debug|Any CPU = Debug|Any CPU
		Release|Any CPU = Release|Any CPU
	EndGlobalSection
	GlobalSection(ProjectConfigurationPlatforms) = postSolution
		{F52F7F78-7DCD-4833-86AD-9A96CEBAEB19}.Debug|Any CPU.ActiveCfg = Debug|Any CPU
		{F52F7F78-7DCD-4833-86AD-9A96CEBAEB19}.Debug|Any CPU.Build.0 = Debug|Any CPU
		{F52F7F78-7DCD-4833-86AD-9A96CEBAEB19}.Release|Any CPU.ActiveCfg = Release|Any CPU
		{F52F7F78-7DCD-4833-86AD-9A96CEBAEB19}.Release|Any CPU.Build.0 = Release|Any CPU
	EndGlobalSection
	GlobalSection(SolutionProperties) = preSolution
		HideSolutionNode = FALSE
	EndGlobalSection
	GlobalSection(ExtensibilityGlobals) = postSolution
		SolutionGuid = {C9852B73-6F51-4EA2-B8DA-AB030D41D3E5}
	EndGlobalSection
EndGlobal
